PODS:
  - Alamofire (4.8.2)
  - Cloudinary (2.8.0):
    - Alamofire (~> 4.8.2)
  - CryptoSwift (0.15.0)
  - lottie-ios (3.1.5)
  - PusherSwift (7.2.0):
    - CryptoSwift (~> 0.9)
    - ReachabilitySwift (= 4.3.0)
    - Starscream (~> 3.0.5)
  - PushNotifications (2.1.2)
  - ReachabilitySwift (4.3.0)
  - Starscream (3.0.6)

DEPENDENCIES:
  - Cloudinary (~> 2.0)
  - lottie-ios
  - PusherSwift
  - PushNotifications

SPEC REPOS:
  trunk:
    - Alamofire
    - Cloudinary
    - CryptoSwift
    - lottie-ios
    - PusherSwift
    - PushNotifications
    - ReachabilitySwift
    - Starscream

SPEC CHECKSUMS:
  Alamofire: ae5c501addb7afdbb13687d7f2f722c78734c2d3
  Cloudinary: 57c51232648d18bd242db1774c8fa80476c58795
  CryptoSwift: 769f58a9e89f64e8796c2e59ce5f002dc81a2438
  lottie-ios: 32bf84389337d86fbc8b12266e88452e0abf1dee
  PusherSwift: a5369a01e8a9106b4897e9186265af1426726062
  PushNotifications: 3d1ac73f4e1e9dc3de8fa8319e3e53bd00be47dc
  ReachabilitySwift: 408477d1b6ed9779dba301953171e017c31241f3
  Starscream: ef3ece99d765eeccb67de105bfa143f929026cf5

PODFILE CHECKSUM: 8113bff38620a184d2e1364788a9002fd8bef4b6

COCOAPODS: 1.8.4
