// !$*UTF8*$!
{
	archiveVersion = 1;
	classes = {
	};
	objectVersion = 51;
	objects = {

/* Begin PBXBuildFile section */
		0A2F5784236FFD990048BB0E /* ListMerchantViewController.swift in Sources */ = {isa = PBXBuildFile; fileRef = 0A2F5783236FFD990048BB0E /* ListMerchantViewController.swift */; };
		0A61C1832371427700CF695F /* AddData.swift in Sources */ = {isa = PBXBuildFile; fileRef = 0A61C1822371427700CF695F /* AddData.swift */; };
		0A61C1892372745500CF695F /* OnGoingViewModel.swift in Sources */ = {isa = PBXBuildFile; fileRef = 0A61C1882372745500CF695F /* OnGoingViewModel.swift */; };
		0A72B4FE236FF04100707951 /* ListMerchantTableViewCell.swift in Sources */ = {isa = PBXBuildFile; fileRef = 0A72B4FD236FF04100707951 /* ListMerchantTableViewCell.swift */; };
		0A73B67E23741771003E1543 /* OnGoingViewController.swift in Sources */ = {isa = PBXBuildFile; fileRef = 0A73B67D23741771003E1543 /* OnGoingViewController.swift */; };
		0A73B681237518D9003E1543 /* OnGoingCollectionListCell.swift in Sources */ = {isa = PBXBuildFile; fileRef = 0A73B67F237518D9003E1543 /* OnGoingCollectionListCell.swift */; };
		0A73B682237518D9003E1543 /* OnGoingCollectionListCell.xib in Resources */ = {isa = PBXBuildFile; fileRef = 0A73B680237518D9003E1543 /* OnGoingCollectionListCell.xib */; };
		15177FC09B0E6C27B7B9FA80 /* Pods_OrderEat_CustomerTests.framework in Frameworks */ = {isa = PBXBuildFile; fileRef = 0E19B133C07584D633276187 /* Pods_OrderEat_CustomerTests.framework */; };
		1D712389374EA7F1ACF31BD8 /* Pods_OrderEat_Customer.framework in Frameworks */ = {isa = PBXBuildFile; fileRef = 2F5BB07C204E94B232B02B81 /* Pods_OrderEat_Customer.framework */; };
		2DD8AF41DB82AC7C6C41CC5B /* Pods_OrderEat_Customer_OrderEat_CustomerUITests.framework in Frameworks */ = {isa = PBXBuildFile; fileRef = 90B1E8F97D124A0E99CF962B /* Pods_OrderEat_Customer_OrderEat_CustomerUITests.framework */; };
		87940C6B237C0A29009AC6EA /* PusherBeams.swift in Sources */ = {isa = PBXBuildFile; fileRef = 87940C6A237C0A29009AC6EA /* PusherBeams.swift */; };
		87940C6D237C0A35009AC6EA /* PusherChannels.swift in Sources */ = {isa = PBXBuildFile; fileRef = 87940C6C237C0A35009AC6EA /* PusherChannels.swift */; };
		93F62E79237BD8E4007FED6B /* CurrentUser.swift in Sources */ = {isa = PBXBuildFile; fileRef = 93F62E73237BD8E4007FED6B /* CurrentUser.swift */; };
		93F62E7A237BD8E4007FED6B /* Data.swift in Sources */ = {isa = PBXBuildFile; fileRef = 93F62E75237BD8E4007FED6B /* Data.swift */; };
		93F62E7B237BD8E4007FED6B /* Decode test.swift in Sources */ = {isa = PBXBuildFile; fileRef = 93F62E76237BD8E4007FED6B /* Decode test.swift */; };
		93F62E7C237BD8E4007FED6B /* APIRequest.swift in Sources */ = {isa = PBXBuildFile; fileRef = 93F62E77237BD8E4007FED6B /* APIRequest.swift */; };
		93F62E7D237BD8E4007FED6B /* TransactionStatus.swift in Sources */ = {isa = PBXBuildFile; fileRef = 93F62E78237BD8E4007FED6B /* TransactionStatus.swift */; };
		93F62E7F237BD8EE007FED6B /* TransactionDetail.swift in Sources */ = {isa = PBXBuildFile; fileRef = 93F62E7E237BD8EE007FED6B /* TransactionDetail.swift */; };
		93F62E81237C0E77007FED6B /* WaitingforRestoConfirm.storyboard in Resources */ = {isa = PBXBuildFile; fileRef = A31B44A42374052C00022FE6 /* WaitingforRestoConfirm.storyboard */; };
		93FA9298237CF81B006AD4D2 /* Date.swift in Sources */ = {isa = PBXBuildFile; fileRef = 93FA9297237CF81B006AD4D2 /* Date.swift */; };
		93FA929A237CFE5F006AD4D2 /* String.swift in Sources */ = {isa = PBXBuildFile; fileRef = 93FA9299237CFE5F006AD4D2 /* String.swift */; };
		A31B449D2373CB6400022FE6 /* File.swift in Sources */ = {isa = PBXBuildFile; fileRef = A31B449C2373CB6400022FE6 /* File.swift */; };
		A31B449F2373FD5800022FE6 /* OrderDone.storyboard in Resources */ = {isa = PBXBuildFile; fileRef = A31B449E2373FD5800022FE6 /* OrderDone.storyboard */; };
		A31B44A3237404FA00022FE6 /* WaitingforRestoConfirmViewController.swift in Sources */ = {isa = PBXBuildFile; fileRef = A31B44A2237404FA00022FE6 /* WaitingforRestoConfirmViewController.swift */; };
		A31B44A72374054B00022FE6 /* CancelOrderViewController.swift in Sources */ = {isa = PBXBuildFile; fileRef = A31B44A62374054B00022FE6 /* CancelOrderViewController.swift */; };
		A31B44A92374055E00022FE6 /* CancelOrder.storyboard in Resources */ = {isa = PBXBuildFile; fileRef = A31B44A82374055E00022FE6 /* CancelOrder.storyboard */; };
		A3B71186236FE90A00670669 /* OrderSetTime.storyboard in Resources */ = {isa = PBXBuildFile; fileRef = A3B71185236FE90A00670669 /* OrderSetTime.storyboard */; };
		A3B7118C236FF5AF00670669 /* CustomButton.swift in Sources */ = {isa = PBXBuildFile; fileRef = A3B7118B236FF5AF00670669 /* CustomButton.swift */; };
		A3B7118E236FFA9B00670669 /* ItemOrderedTableViewCell.swift in Sources */ = {isa = PBXBuildFile; fileRef = A3B7118D236FFA9B00670669 /* ItemOrderedTableViewCell.swift */; };
		A3B71190236FFAD000670669 /* PriceOrderedTableViewCell.swift in Sources */ = {isa = PBXBuildFile; fileRef = A3B7118F236FFAD000670669 /* PriceOrderedTableViewCell.swift */; };
		A3B71192236FFAFC00670669 /* PickUpTimeTableViewCell.swift in Sources */ = {isa = PBXBuildFile; fileRef = A3B71191236FFAFC00670669 /* PickUpTimeTableViewCell.swift */; };
		A3B71194236FFB1F00670669 /* PaymentMethodTableViewCell.swift in Sources */ = {isa = PBXBuildFile; fileRef = A3B71193236FFB1F00670669 /* PaymentMethodTableViewCell.swift */; };
		A3B71196236FFB4A00670669 /* ConfirmOrderButtonTableViewCell.swift in Sources */ = {isa = PBXBuildFile; fileRef = A3B71195236FFB4A00670669 /* ConfirmOrderButtonTableViewCell.swift */; };
		A3B71198236FFDA400670669 /* OrderSetTimeViewController.swift in Sources */ = {isa = PBXBuildFile; fileRef = A3B71197236FFDA400670669 /* OrderSetTimeViewController.swift */; };
		A3B7119E23710FD100670669 /* OrderedMenu.swift in Sources */ = {isa = PBXBuildFile; fileRef = A3B7119D23710FD100670669 /* OrderedMenu.swift */; };
		A3B711A0237161E200670669 /* CustomColor.swift in Sources */ = {isa = PBXBuildFile; fileRef = A3B7119F237161E200670669 /* CustomColor.swift */; };
		A3DDA73A23729B93006CB5BA /* ConfirmPayment.storyboard in Resources */ = {isa = PBXBuildFile; fileRef = A3DDA73923729B93006CB5BA /* ConfirmPayment.storyboard */; };
		A3DDA73C23729BAB006CB5BA /* ConfirmPaymentViewController.swift in Sources */ = {isa = PBXBuildFile; fileRef = A3DDA73B23729BAB006CB5BA /* ConfirmPaymentViewController.swift */; };
		A3DDA7502372A768006CB5BA /* OrderedItemTableViewCell.swift in Sources */ = {isa = PBXBuildFile; fileRef = A3DDA74F2372A768006CB5BA /* OrderedItemTableViewCell.swift */; };
		A3DDA7522372A770006CB5BA /* DetailsTableViewCell.swift in Sources */ = {isa = PBXBuildFile; fileRef = A3DDA7512372A770006CB5BA /* DetailsTableViewCell.swift */; };
		A3DDA7542372A778006CB5BA /* QRTableViewCell.swift in Sources */ = {isa = PBXBuildFile; fileRef = A3DDA7532372A778006CB5BA /* QRTableViewCell.swift */; };
		A3DDA7562372A9D2006CB5BA /* ConfirmPaymentViewModel.swift in Sources */ = {isa = PBXBuildFile; fileRef = A3DDA7552372A9D2006CB5BA /* ConfirmPaymentViewModel.swift */; };
		A3E4D5D12375200D00693241 /* ItemTableViewCell.swift in Sources */ = {isa = PBXBuildFile; fileRef = A3E4D5D02375200D00693241 /* ItemTableViewCell.swift */; };
		A3E4D5D32375201800693241 /* DetailTableViewCell.swift in Sources */ = {isa = PBXBuildFile; fileRef = A3E4D5D22375201800693241 /* DetailTableViewCell.swift */; };
		A3E4D5D52375202800693241 /* ShowQRTableViewCell.swift in Sources */ = {isa = PBXBuildFile; fileRef = A3E4D5D42375202800693241 /* ShowQRTableViewCell.swift */; };
		A3E4D5D92375234A00693241 /* OrderDoneViewController.swift in Sources */ = {isa = PBXBuildFile; fileRef = A3E4D5D82375234A00693241 /* OrderDoneViewController.swift */; };
		CA1BB4AC23710BA700F6EFD0 /* DetailMerchantView.swift in Sources */ = {isa = PBXBuildFile; fileRef = CA1BB4AB23710BA700F6EFD0 /* DetailMerchantView.swift */; };
		CA1BB5E023747B6D00F6EFD0 /* ButtonCellDelegate.swift in Sources */ = {isa = PBXBuildFile; fileRef = CA1BB5DF23747B6D00F6EFD0 /* ButtonCellDelegate.swift */; };
		CA3559962366A5FB00382CCF /* AppDelegate.swift in Sources */ = {isa = PBXBuildFile; fileRef = CA3559952366A5FB00382CCF /* AppDelegate.swift */; };
		CA3559982366A5FB00382CCF /* SceneDelegate.swift in Sources */ = {isa = PBXBuildFile; fileRef = CA3559972366A5FB00382CCF /* SceneDelegate.swift */; };
		CA35599A2366A5FB00382CCF /* ViewControllerHome.swift in Sources */ = {isa = PBXBuildFile; fileRef = CA3559992366A5FB00382CCF /* ViewControllerHome.swift */; };
		CA35599D2366A5FB00382CCF /* Home.storyboard in Resources */ = {isa = PBXBuildFile; fileRef = CA35599B2366A5FB00382CCF /* Home.storyboard */; };
		CA3559A02366A5FB00382CCF /* OrderEat_Customer.xcdatamodeld in Sources */ = {isa = PBXBuildFile; fileRef = CA35599E2366A5FB00382CCF /* OrderEat_Customer.xcdatamodeld */; };
		CA3559A22366A5FB00382CCF /* Assets.xcassets in Resources */ = {isa = PBXBuildFile; fileRef = CA3559A12366A5FB00382CCF /* Assets.xcassets */; };
		CA3559A52366A5FB00382CCF /* LaunchScreen.storyboard in Resources */ = {isa = PBXBuildFile; fileRef = CA3559A32366A5FB00382CCF /* LaunchScreen.storyboard */; };
		CA3559B02366A5FB00382CCF /* OrderEat_CustomerTests.swift in Sources */ = {isa = PBXBuildFile; fileRef = CA3559AF2366A5FB00382CCF /* OrderEat_CustomerTests.swift */; };
		CA3559BB2366A5FB00382CCF /* OrderEat_CustomerUITests.swift in Sources */ = {isa = PBXBuildFile; fileRef = CA3559BA2366A5FB00382CCF /* OrderEat_CustomerUITests.swift */; };
		CA73E6DA236EF4BC00BD3050 /* OnBoardingViewController.swift in Sources */ = {isa = PBXBuildFile; fileRef = CA73E6D9236EF4BC00BD3050 /* OnBoardingViewController.swift */; };
		CA73E70C236FC6C800BD3050 /* ListOfMerchant.storyboard in Resources */ = {isa = PBXBuildFile; fileRef = CA73E70B236FC6C800BD3050 /* ListOfMerchant.storyboard */; };
		CA73E712236FCABC00BD3050 /* MerchantMenu.storyboard in Resources */ = {isa = PBXBuildFile; fileRef = CA73E711236FCABC00BD3050 /* MerchantMenu.storyboard */; };
		CA73E715236FD3E800BD3050 /* OnGoing.storyboard in Resources */ = {isa = PBXBuildFile; fileRef = CA73E714236FD3E800BD3050 /* OnGoing.storyboard */; };
		CA73E717236FE02900BD3050 /* TokenAPI.swift in Sources */ = {isa = PBXBuildFile; fileRef = CA73E716236FE02900BD3050 /* TokenAPI.swift */; };
		CA73E719236FE0A500BD3050 /* OTP.swift in Sources */ = {isa = PBXBuildFile; fileRef = CA73E718236FE0A500BD3050 /* OTP.swift */; };
		CA73E71B236FE0B900BD3050 /* Transaction.swift in Sources */ = {isa = PBXBuildFile; fileRef = CA73E71A236FE0B900BD3050 /* Transaction.swift */; };
		CA73E71D236FEA3500BD3050 /* MerchantMenuViewController.swift in Sources */ = {isa = PBXBuildFile; fileRef = CA73E71C236FEA3500BD3050 /* MerchantMenuViewController.swift */; };
		CA73E71F236FECAF00BD3050 /* MenuTableViewCell.swift in Sources */ = {isa = PBXBuildFile; fileRef = CA73E71E236FECAF00BD3050 /* MenuTableViewCell.swift */; };
		CA73E722236FF06700BD3050 /* AddDataMerchantMenu.swift in Sources */ = {isa = PBXBuildFile; fileRef = CA73E721236FF06700BD3050 /* AddDataMerchantMenu.swift */; };
		CA754E27237D12B6005BAD6D /* OrderSetTimeViewModel.swift in Sources */ = {isa = PBXBuildFile; fileRef = CA754E26237D12B6005BAD6D /* OrderSetTimeViewModel.swift */; };
		CA754E29237D12DF005BAD6D /* OrderDoneViewModel.swift in Sources */ = {isa = PBXBuildFile; fileRef = CA754E28237D12DF005BAD6D /* OrderDoneViewModel.swift */; };
		CAB5D2DF23680CF000ACAAD0 /* Customer.swift in Sources */ = {isa = PBXBuildFile; fileRef = CAB5D2DE23680CF000ACAAD0 /* Customer.swift */; };
		CAB5D2E123680D9300ACAAD0 /* Merchant.swift in Sources */ = {isa = PBXBuildFile; fileRef = CAB5D2E023680D9300ACAAD0 /* Merchant.swift */; };
		CAB5D2E323680D9D00ACAAD0 /* Menu.swift in Sources */ = {isa = PBXBuildFile; fileRef = CAB5D2E223680D9D00ACAAD0 /* Menu.swift */; };
		CAB5D2E823692F7700ACAAD0 /* OnBoarding.storyboard in Resources */ = {isa = PBXBuildFile; fileRef = CAB5D2E623692F7700ACAAD0 /* OnBoarding.storyboard */; };
		E63B673923755AD000578442 /* SigninViewController.swift in Sources */ = {isa = PBXBuildFile; fileRef = E63B673823755AD000578442 /* SigninViewController.swift */; };
		E63B673B23755ADE00578442 /* Signin.xib in Resources */ = {isa = PBXBuildFile; fileRef = E63B673A23755ADE00578442 /* Signin.xib */; };
/* End PBXBuildFile section */

/* Begin PBXContainerItemProxy section */
		CA3559AC2366A5FB00382CCF /* PBXContainerItemProxy */ = {
			isa = PBXContainerItemProxy;
			containerPortal = CA35598A2366A5FB00382CCF /* Project object */;
			proxyType = 1;
			remoteGlobalIDString = CA3559912366A5FB00382CCF;
			remoteInfo = "OrderEat-Customer";
		};
		CA3559B72366A5FB00382CCF /* PBXContainerItemProxy */ = {
			isa = PBXContainerItemProxy;
			containerPortal = CA35598A2366A5FB00382CCF /* Project object */;
			proxyType = 1;
			remoteGlobalIDString = CA3559912366A5FB00382CCF;
			remoteInfo = "OrderEat-Customer";
		};
/* End PBXContainerItemProxy section */

/* Begin PBXFileReference section */
		086A7886E760FB70E2FAB993 /* Pods-OrderEat-Customer-OrderEat-CustomerUITests.debug.xcconfig */ = {isa = PBXFileReference; includeInIndex = 1; lastKnownFileType = text.xcconfig; name = "Pods-OrderEat-Customer-OrderEat-CustomerUITests.debug.xcconfig"; path = "Target Support Files/Pods-OrderEat-Customer-OrderEat-CustomerUITests/Pods-OrderEat-Customer-OrderEat-CustomerUITests.debug.xcconfig"; sourceTree = "<group>"; };
		0A2F5783236FFD990048BB0E /* ListMerchantViewController.swift */ = {isa = PBXFileReference; lastKnownFileType = sourcecode.swift; path = ListMerchantViewController.swift; sourceTree = "<group>"; };
		0A61C1822371427700CF695F /* AddData.swift */ = {isa = PBXFileReference; lastKnownFileType = sourcecode.swift; path = AddData.swift; sourceTree = "<group>"; };
		0A61C1882372745500CF695F /* OnGoingViewModel.swift */ = {isa = PBXFileReference; lastKnownFileType = sourcecode.swift; name = OnGoingViewModel.swift; path = "OrderEat-Customer/Classes/OrderList/OnGoing/View/OnGoingViewModel.swift"; sourceTree = SOURCE_ROOT; };
		0A72B4FD236FF04100707951 /* ListMerchantTableViewCell.swift */ = {isa = PBXFileReference; lastKnownFileType = sourcecode.swift; path = ListMerchantTableViewCell.swift; sourceTree = "<group>"; };
		0A73B67D23741771003E1543 /* OnGoingViewController.swift */ = {isa = PBXFileReference; fileEncoding = 4; lastKnownFileType = sourcecode.swift; path = OnGoingViewController.swift; sourceTree = "<group>"; };
		0A73B67F237518D9003E1543 /* OnGoingCollectionListCell.swift */ = {isa = PBXFileReference; lastKnownFileType = sourcecode.swift; path = OnGoingCollectionListCell.swift; sourceTree = "<group>"; };
		0A73B680237518D9003E1543 /* OnGoingCollectionListCell.xib */ = {isa = PBXFileReference; lastKnownFileType = file.xib; path = OnGoingCollectionListCell.xib; sourceTree = "<group>"; };
		0E19B133C07584D633276187 /* Pods_OrderEat_CustomerTests.framework */ = {isa = PBXFileReference; explicitFileType = wrapper.framework; includeInIndex = 0; path = Pods_OrderEat_CustomerTests.framework; sourceTree = BUILT_PRODUCTS_DIR; };
		161E78106E0741F75E5C3C6A /* Pods-OrderEat-CustomerTests.release.xcconfig */ = {isa = PBXFileReference; includeInIndex = 1; lastKnownFileType = text.xcconfig; name = "Pods-OrderEat-CustomerTests.release.xcconfig"; path = "Target Support Files/Pods-OrderEat-CustomerTests/Pods-OrderEat-CustomerTests.release.xcconfig"; sourceTree = "<group>"; };
		2F5BB07C204E94B232B02B81 /* Pods_OrderEat_Customer.framework */ = {isa = PBXFileReference; explicitFileType = wrapper.framework; includeInIndex = 0; path = Pods_OrderEat_Customer.framework; sourceTree = BUILT_PRODUCTS_DIR; };
		80BCEE4C6E70AA41141DF0E8 /* Pods-OrderEat-Customer.release.xcconfig */ = {isa = PBXFileReference; includeInIndex = 1; lastKnownFileType = text.xcconfig; name = "Pods-OrderEat-Customer.release.xcconfig"; path = "Target Support Files/Pods-OrderEat-Customer/Pods-OrderEat-Customer.release.xcconfig"; sourceTree = "<group>"; };
		87940C69237BFF55009AC6EA /* OrderEat-Customer.entitlements */ = {isa = PBXFileReference; lastKnownFileType = text.plist.entitlements; path = "OrderEat-Customer.entitlements"; sourceTree = "<group>"; };
		87940C6A237C0A29009AC6EA /* PusherBeams.swift */ = {isa = PBXFileReference; lastKnownFileType = sourcecode.swift; path = PusherBeams.swift; sourceTree = "<group>"; };
		87940C6C237C0A35009AC6EA /* PusherChannels.swift */ = {isa = PBXFileReference; lastKnownFileType = sourcecode.swift; path = PusherChannels.swift; sourceTree = "<group>"; };
		90B1E8F97D124A0E99CF962B /* Pods_OrderEat_Customer_OrderEat_CustomerUITests.framework */ = {isa = PBXFileReference; explicitFileType = wrapper.framework; includeInIndex = 0; path = Pods_OrderEat_Customer_OrderEat_CustomerUITests.framework; sourceTree = BUILT_PRODUCTS_DIR; };
		93F62E73237BD8E4007FED6B /* CurrentUser.swift */ = {isa = PBXFileReference; fileEncoding = 4; lastKnownFileType = sourcecode.swift; path = CurrentUser.swift; sourceTree = "<group>"; };
		93F62E75237BD8E4007FED6B /* Data.swift */ = {isa = PBXFileReference; fileEncoding = 4; lastKnownFileType = sourcecode.swift; path = Data.swift; sourceTree = "<group>"; };
		93F62E76237BD8E4007FED6B /* Decode test.swift */ = {isa = PBXFileReference; fileEncoding = 4; lastKnownFileType = sourcecode.swift; path = "Decode test.swift"; sourceTree = "<group>"; };
		93F62E77237BD8E4007FED6B /* APIRequest.swift */ = {isa = PBXFileReference; fileEncoding = 4; lastKnownFileType = sourcecode.swift; path = APIRequest.swift; sourceTree = "<group>"; };
		93F62E78237BD8E4007FED6B /* TransactionStatus.swift */ = {isa = PBXFileReference; fileEncoding = 4; lastKnownFileType = sourcecode.swift; path = TransactionStatus.swift; sourceTree = "<group>"; };
		93F62E7E237BD8EE007FED6B /* TransactionDetail.swift */ = {isa = PBXFileReference; fileEncoding = 4; lastKnownFileType = sourcecode.swift; path = TransactionDetail.swift; sourceTree = "<group>"; };
		9E9A7F0D3BB1EB3E3622BFB6 /* Pods-OrderEat-Customer-OrderEat-CustomerUITests.release.xcconfig */ = {isa = PBXFileReference; includeInIndex = 1; lastKnownFileType = text.xcconfig; name = "Pods-OrderEat-Customer-OrderEat-CustomerUITests.release.xcconfig"; path = "Target Support Files/Pods-OrderEat-Customer-OrderEat-CustomerUITests/Pods-OrderEat-Customer-OrderEat-CustomerUITests.release.xcconfig"; sourceTree = "<group>"; };
		A31B449C2373CB6400022FE6 /* File.swift */ = {isa = PBXFileReference; lastKnownFileType = sourcecode.swift; path = File.swift; sourceTree = "<group>"; };
		A31B449E2373FD5800022FE6 /* OrderDone.storyboard */ = {isa = PBXFileReference; lastKnownFileType = file.storyboard; path = OrderDone.storyboard; sourceTree = "<group>"; };
		A31B44A2237404FA00022FE6 /* WaitingforRestoConfirmViewController.swift */ = {isa = PBXFileReference; fileEncoding = 4; lastKnownFileType = sourcecode.swift; name = WaitingforRestoConfirmViewController.swift; path = "OrderEat-Customer/Classes/WaitingforRestoConfirm/ViewController/WaitingforRestoConfirmViewController.swift"; sourceTree = SOURCE_ROOT; };
		A31B44A42374052C00022FE6 /* WaitingforRestoConfirm.storyboard */ = {isa = PBXFileReference; fileEncoding = 4; lastKnownFileType = file.storyboard; name = WaitingforRestoConfirm.storyboard; path = "OrderEat-Customer/Classes/WaitingforRestoConfirm/View/WaitingforRestoConfirm.storyboard"; sourceTree = SOURCE_ROOT; };
		A31B44A62374054B00022FE6 /* CancelOrderViewController.swift */ = {isa = PBXFileReference; fileEncoding = 4; lastKnownFileType = sourcecode.swift; name = CancelOrderViewController.swift; path = "OrderEat-Customer/Classes/CancelOrder/ViewController/CancelOrderViewController.swift"; sourceTree = SOURCE_ROOT; };
		A31B44A82374055E00022FE6 /* CancelOrder.storyboard */ = {isa = PBXFileReference; fileEncoding = 4; lastKnownFileType = file.storyboard; name = CancelOrder.storyboard; path = "OrderEat-Customer/Classes/CancelOrder/View/CancelOrder.storyboard"; sourceTree = SOURCE_ROOT; };
		A3B71185236FE90A00670669 /* OrderSetTime.storyboard */ = {isa = PBXFileReference; lastKnownFileType = file.storyboard; path = OrderSetTime.storyboard; sourceTree = "<group>"; };
		A3B7118B236FF5AF00670669 /* CustomButton.swift */ = {isa = PBXFileReference; lastKnownFileType = sourcecode.swift; path = CustomButton.swift; sourceTree = "<group>"; };
		A3B7118D236FFA9B00670669 /* ItemOrderedTableViewCell.swift */ = {isa = PBXFileReference; lastKnownFileType = sourcecode.swift; path = ItemOrderedTableViewCell.swift; sourceTree = "<group>"; };
		A3B7118F236FFAD000670669 /* PriceOrderedTableViewCell.swift */ = {isa = PBXFileReference; lastKnownFileType = sourcecode.swift; path = PriceOrderedTableViewCell.swift; sourceTree = "<group>"; };
		A3B71191236FFAFC00670669 /* PickUpTimeTableViewCell.swift */ = {isa = PBXFileReference; lastKnownFileType = sourcecode.swift; path = PickUpTimeTableViewCell.swift; sourceTree = "<group>"; };
		A3B71193236FFB1F00670669 /* PaymentMethodTableViewCell.swift */ = {isa = PBXFileReference; lastKnownFileType = sourcecode.swift; path = PaymentMethodTableViewCell.swift; sourceTree = "<group>"; };
		A3B71195236FFB4A00670669 /* ConfirmOrderButtonTableViewCell.swift */ = {isa = PBXFileReference; lastKnownFileType = sourcecode.swift; path = ConfirmOrderButtonTableViewCell.swift; sourceTree = "<group>"; };
		A3B71197236FFDA400670669 /* OrderSetTimeViewController.swift */ = {isa = PBXFileReference; lastKnownFileType = sourcecode.swift; path = OrderSetTimeViewController.swift; sourceTree = "<group>"; };
		A3B7119D23710FD100670669 /* OrderedMenu.swift */ = {isa = PBXFileReference; lastKnownFileType = sourcecode.swift; path = OrderedMenu.swift; sourceTree = "<group>"; };
		A3B7119F237161E200670669 /* CustomColor.swift */ = {isa = PBXFileReference; lastKnownFileType = sourcecode.swift; path = CustomColor.swift; sourceTree = "<group>"; };
		A3DDA73923729B93006CB5BA /* ConfirmPayment.storyboard */ = {isa = PBXFileReference; lastKnownFileType = file.storyboard; path = ConfirmPayment.storyboard; sourceTree = "<group>"; };
		A3DDA73B23729BAB006CB5BA /* ConfirmPaymentViewController.swift */ = {isa = PBXFileReference; lastKnownFileType = sourcecode.swift; name = ConfirmPaymentViewController.swift; path = "OrderEat-Customer/Classes/CheckoutOrder/ConfirmPayment/ConfirmPaymentViewController.swift"; sourceTree = SOURCE_ROOT; };
		A3DDA74F2372A768006CB5BA /* OrderedItemTableViewCell.swift */ = {isa = PBXFileReference; lastKnownFileType = sourcecode.swift; path = OrderedItemTableViewCell.swift; sourceTree = "<group>"; };
		A3DDA7512372A770006CB5BA /* DetailsTableViewCell.swift */ = {isa = PBXFileReference; lastKnownFileType = sourcecode.swift; path = DetailsTableViewCell.swift; sourceTree = "<group>"; };
		A3DDA7532372A778006CB5BA /* QRTableViewCell.swift */ = {isa = PBXFileReference; lastKnownFileType = sourcecode.swift; path = QRTableViewCell.swift; sourceTree = "<group>"; };
		A3DDA7552372A9D2006CB5BA /* ConfirmPaymentViewModel.swift */ = {isa = PBXFileReference; lastKnownFileType = sourcecode.swift; path = ConfirmPaymentViewModel.swift; sourceTree = "<group>"; };
		A3E4D5D02375200D00693241 /* ItemTableViewCell.swift */ = {isa = PBXFileReference; lastKnownFileType = sourcecode.swift; path = ItemTableViewCell.swift; sourceTree = "<group>"; };
		A3E4D5D22375201800693241 /* DetailTableViewCell.swift */ = {isa = PBXFileReference; lastKnownFileType = sourcecode.swift; path = DetailTableViewCell.swift; sourceTree = "<group>"; };
		A3E4D5D42375202800693241 /* ShowQRTableViewCell.swift */ = {isa = PBXFileReference; lastKnownFileType = sourcecode.swift; path = ShowQRTableViewCell.swift; sourceTree = "<group>"; };
		A3E4D5D82375234A00693241 /* OrderDoneViewController.swift */ = {isa = PBXFileReference; lastKnownFileType = sourcecode.swift; path = OrderDoneViewController.swift; sourceTree = "<group>"; };
		C215777DC99BD140213BFF05 /* Pods-OrderEat-CustomerTests.debug.xcconfig */ = {isa = PBXFileReference; includeInIndex = 1; lastKnownFileType = text.xcconfig; name = "Pods-OrderEat-CustomerTests.debug.xcconfig"; path = "Target Support Files/Pods-OrderEat-CustomerTests/Pods-OrderEat-CustomerTests.debug.xcconfig"; sourceTree = "<group>"; };
		C9E1CDE4DCFBBE2D2140CA50 /* Pods-OrderEat-Customer.debug.xcconfig */ = {isa = PBXFileReference; includeInIndex = 1; lastKnownFileType = text.xcconfig; name = "Pods-OrderEat-Customer.debug.xcconfig"; path = "Target Support Files/Pods-OrderEat-Customer/Pods-OrderEat-Customer.debug.xcconfig"; sourceTree = "<group>"; };
		CA1BB4AB23710BA700F6EFD0 /* DetailMerchantView.swift */ = {isa = PBXFileReference; lastKnownFileType = sourcecode.swift; path = DetailMerchantView.swift; sourceTree = "<group>"; };
		CA1BB5DF23747B6D00F6EFD0 /* ButtonCellDelegate.swift */ = {isa = PBXFileReference; lastKnownFileType = sourcecode.swift; path = ButtonCellDelegate.swift; sourceTree = "<group>"; };
		CA3559922366A5FB00382CCF /* OrderEat-Customer.app */ = {isa = PBXFileReference; explicitFileType = wrapper.application; includeInIndex = 0; path = "OrderEat-Customer.app"; sourceTree = BUILT_PRODUCTS_DIR; };
		CA3559952366A5FB00382CCF /* AppDelegate.swift */ = {isa = PBXFileReference; lastKnownFileType = sourcecode.swift; path = AppDelegate.swift; sourceTree = "<group>"; };
		CA3559972366A5FB00382CCF /* SceneDelegate.swift */ = {isa = PBXFileReference; lastKnownFileType = sourcecode.swift; path = SceneDelegate.swift; sourceTree = "<group>"; };
		CA3559992366A5FB00382CCF /* ViewControllerHome.swift */ = {isa = PBXFileReference; lastKnownFileType = sourcecode.swift; path = ViewControllerHome.swift; sourceTree = "<group>"; };
		CA35599C2366A5FB00382CCF /* Base */ = {isa = PBXFileReference; lastKnownFileType = file.storyboard; name = Base; path = Base.lproj/Home.storyboard; sourceTree = "<group>"; };
		CA35599F2366A5FB00382CCF /* OrderEat_Customer.xcdatamodel */ = {isa = PBXFileReference; lastKnownFileType = wrapper.xcdatamodel; path = OrderEat_Customer.xcdatamodel; sourceTree = "<group>"; };
		CA3559A12366A5FB00382CCF /* Assets.xcassets */ = {isa = PBXFileReference; lastKnownFileType = folder.assetcatalog; path = Assets.xcassets; sourceTree = "<group>"; };
		CA3559A42366A5FB00382CCF /* Base */ = {isa = PBXFileReference; lastKnownFileType = file.storyboard; name = Base; path = Base.lproj/LaunchScreen.storyboard; sourceTree = "<group>"; };
		CA3559A62366A5FB00382CCF /* Info.plist */ = {isa = PBXFileReference; lastKnownFileType = text.plist.xml; path = Info.plist; sourceTree = "<group>"; };
		CA3559AB2366A5FB00382CCF /* OrderEat-CustomerTests.xctest */ = {isa = PBXFileReference; explicitFileType = wrapper.cfbundle; includeInIndex = 0; path = "OrderEat-CustomerTests.xctest"; sourceTree = BUILT_PRODUCTS_DIR; };
		CA3559AF2366A5FB00382CCF /* OrderEat_CustomerTests.swift */ = {isa = PBXFileReference; lastKnownFileType = sourcecode.swift; path = OrderEat_CustomerTests.swift; sourceTree = "<group>"; };
		CA3559B12366A5FB00382CCF /* Info.plist */ = {isa = PBXFileReference; lastKnownFileType = text.plist.xml; path = Info.plist; sourceTree = "<group>"; };
		CA3559B62366A5FB00382CCF /* OrderEat-CustomerUITests.xctest */ = {isa = PBXFileReference; explicitFileType = wrapper.cfbundle; includeInIndex = 0; path = "OrderEat-CustomerUITests.xctest"; sourceTree = BUILT_PRODUCTS_DIR; };
		CA3559BA2366A5FB00382CCF /* OrderEat_CustomerUITests.swift */ = {isa = PBXFileReference; lastKnownFileType = sourcecode.swift; path = OrderEat_CustomerUITests.swift; sourceTree = "<group>"; };
		CA3559BC2366A5FB00382CCF /* Info.plist */ = {isa = PBXFileReference; lastKnownFileType = text.plist.xml; path = Info.plist; sourceTree = "<group>"; };
		CA73E6D9236EF4BC00BD3050 /* OnBoardingViewController.swift */ = {isa = PBXFileReference; lastKnownFileType = sourcecode.swift; path = OnBoardingViewController.swift; sourceTree = "<group>"; };
		CA73E70B236FC6C800BD3050 /* ListOfMerchant.storyboard */ = {isa = PBXFileReference; lastKnownFileType = file.storyboard; path = ListOfMerchant.storyboard; sourceTree = "<group>"; };
		CA73E711236FCABC00BD3050 /* MerchantMenu.storyboard */ = {isa = PBXFileReference; lastKnownFileType = file.storyboard; path = MerchantMenu.storyboard; sourceTree = "<group>"; };
		CA73E714236FD3E800BD3050 /* OnGoing.storyboard */ = {isa = PBXFileReference; lastKnownFileType = file.storyboard; path = OnGoing.storyboard; sourceTree = "<group>"; };
		CA73E716236FE02900BD3050 /* TokenAPI.swift */ = {isa = PBXFileReference; lastKnownFileType = sourcecode.swift; path = TokenAPI.swift; sourceTree = "<group>"; };
		CA73E718236FE0A500BD3050 /* OTP.swift */ = {isa = PBXFileReference; lastKnownFileType = sourcecode.swift; path = OTP.swift; sourceTree = "<group>"; };
		CA73E71A236FE0B900BD3050 /* Transaction.swift */ = {isa = PBXFileReference; lastKnownFileType = sourcecode.swift; path = Transaction.swift; sourceTree = "<group>"; };
		CA73E71C236FEA3500BD3050 /* MerchantMenuViewController.swift */ = {isa = PBXFileReference; lastKnownFileType = sourcecode.swift; path = MerchantMenuViewController.swift; sourceTree = "<group>"; };
		CA73E71E236FECAF00BD3050 /* MenuTableViewCell.swift */ = {isa = PBXFileReference; lastKnownFileType = sourcecode.swift; path = MenuTableViewCell.swift; sourceTree = "<group>"; };
		CA73E721236FF06700BD3050 /* AddDataMerchantMenu.swift */ = {isa = PBXFileReference; lastKnownFileType = sourcecode.swift; path = AddDataMerchantMenu.swift; sourceTree = "<group>"; };
		CA754E26237D12B6005BAD6D /* OrderSetTimeViewModel.swift */ = {isa = PBXFileReference; lastKnownFileType = sourcecode.swift; path = OrderSetTimeViewModel.swift; sourceTree = "<group>"; };
		CA754E28237D12DF005BAD6D /* OrderDoneViewModel.swift */ = {isa = PBXFileReference; lastKnownFileType = sourcecode.swift; name = OrderDoneViewModel.swift; path = "OrderEat-Customer/Classes/CheckoutOrder/OrderSetTime/ViewModel/OrderDoneViewModel.swift"; sourceTree = SOURCE_ROOT; };
		CAB5D2DE23680CF000ACAAD0 /* Customer.swift */ = {isa = PBXFileReference; lastKnownFileType = sourcecode.swift; path = Customer.swift; sourceTree = "<group>"; };
		CAB5D2E023680D9300ACAAD0 /* Merchant.swift */ = {isa = PBXFileReference; lastKnownFileType = sourcecode.swift; path = Merchant.swift; sourceTree = "<group>"; };
		CAB5D2E223680D9D00ACAAD0 /* Menu.swift */ = {isa = PBXFileReference; lastKnownFileType = sourcecode.swift; path = Menu.swift; sourceTree = "<group>"; };
		CAB5D2E723692F7700ACAAD0 /* Base */ = {isa = PBXFileReference; lastKnownFileType = file.storyboard; name = Base; path = "OrderEat-Customer/View/Base.lproj/OnBoarding.storyboard"; sourceTree = "<group>"; };
		E63B673823755AD000578442 /* SigninViewController.swift */ = {isa = PBXFileReference; fileEncoding = 4; lastKnownFileType = sourcecode.swift; name = SigninViewController.swift; path = "OrderEat-Customer/Classes/Authentication/Signin/ViewController/SigninViewController.swift"; sourceTree = SOURCE_ROOT; };
		E63B673A23755ADE00578442 /* Signin.xib */ = {isa = PBXFileReference; fileEncoding = 4; lastKnownFileType = file.xib; name = Signin.xib; path = "OrderEat-Customer/Classes/Authentication/Signin/View/Signin.xib"; sourceTree = SOURCE_ROOT; };
/* End PBXFileReference section */

/* Begin PBXFrameworksBuildPhase section */
		CA35598F2366A5FB00382CCF /* Frameworks */ = {
			isa = PBXFrameworksBuildPhase;
			buildActionMask = 2147483647;
			files = (
				1D712389374EA7F1ACF31BD8 /* Pods_OrderEat_Customer.framework in Frameworks */,
			);
			runOnlyForDeploymentPostprocessing = 0;
		};
		CA3559A82366A5FB00382CCF /* Frameworks */ = {
			isa = PBXFrameworksBuildPhase;
			buildActionMask = 2147483647;
			files = (
				15177FC09B0E6C27B7B9FA80 /* Pods_OrderEat_CustomerTests.framework in Frameworks */,
			);
			runOnlyForDeploymentPostprocessing = 0;
		};
		CA3559B32366A5FB00382CCF /* Frameworks */ = {
			isa = PBXFrameworksBuildPhase;
			buildActionMask = 2147483647;
			files = (
				2DD8AF41DB82AC7C6C41CC5B /* Pods_OrderEat_Customer_OrderEat_CustomerUITests.framework in Frameworks */,
			);
			runOnlyForDeploymentPostprocessing = 0;
		};
/* End PBXFrameworksBuildPhase section */

/* Begin PBXGroup section */
		1F9C416051ABC4FA88E5FB83 /* Frameworks */ = {
			isa = PBXGroup;
			children = (
				2F5BB07C204E94B232B02B81 /* Pods_OrderEat_Customer.framework */,
				90B1E8F97D124A0E99CF962B /* Pods_OrderEat_Customer_OrderEat_CustomerUITests.framework */,
				0E19B133C07584D633276187 /* Pods_OrderEat_CustomerTests.framework */,
			);
			name = Frameworks;
			sourceTree = "<group>";
		};
		665C1D4B7BACCCD6C791557A /* Pods */ = {
			isa = PBXGroup;
			children = (
				C9E1CDE4DCFBBE2D2140CA50 /* Pods-OrderEat-Customer.debug.xcconfig */,
				80BCEE4C6E70AA41141DF0E8 /* Pods-OrderEat-Customer.release.xcconfig */,
				086A7886E760FB70E2FAB993 /* Pods-OrderEat-Customer-OrderEat-CustomerUITests.debug.xcconfig */,
				9E9A7F0D3BB1EB3E3622BFB6 /* Pods-OrderEat-Customer-OrderEat-CustomerUITests.release.xcconfig */,
				C215777DC99BD140213BFF05 /* Pods-OrderEat-CustomerTests.debug.xcconfig */,
				161E78106E0741F75E5C3C6A /* Pods-OrderEat-CustomerTests.release.xcconfig */,
			);
			path = Pods;
			sourceTree = "<group>";
		};
		93F62E72237BD8E4007FED6B /* Utilities */ = {
			isa = PBXGroup;
			children = (
				93F62E73237BD8E4007FED6B /* CurrentUser.swift */,
				93F62E74237BD8E4007FED6B /* Extensions */,
				93F62E76237BD8E4007FED6B /* Decode test.swift */,
				93F62E77237BD8E4007FED6B /* APIRequest.swift */,
				93F62E78237BD8E4007FED6B /* TransactionStatus.swift */,
				87940C6A237C0A29009AC6EA /* PusherBeams.swift */,
				87940C6C237C0A35009AC6EA /* PusherChannels.swift */,
			);
			name = Utilities;
			path = "OrderEat-Customer/Tools/Utilities";
			sourceTree = SOURCE_ROOT;
		};
		93F62E74237BD8E4007FED6B /* Extensions */ = {
			isa = PBXGroup;
			children = (
				93F62E75237BD8E4007FED6B /* Data.swift */,
				93FA9297237CF81B006AD4D2 /* Date.swift */,
				93FA9299237CFE5F006AD4D2 /* String.swift */,
			);
			path = Extensions;
			sourceTree = "<group>";
		};
		A3B71189236FF57300670669 /* Tools */ = {
			isa = PBXGroup;
			children = (
				93F62E72237BD8E4007FED6B /* Utilities */,
				A3B7118A236FF57F00670669 /* Views */,
			);
			path = Tools;
			sourceTree = "<group>";
		};
		A3B7118A236FF57F00670669 /* Views */ = {
			isa = PBXGroup;
			children = (
				A3B7118B236FF5AF00670669 /* CustomButton.swift */,
				A3B7119F237161E200670669 /* CustomColor.swift */,
				A31B449C2373CB6400022FE6 /* File.swift */,
			);
			path = Views;
			sourceTree = "<group>";
		};
		CA26D1E32369652B000FDDD0 /* OnBoarding */ = {
			isa = PBXGroup;
			children = (
				CA73E6D8236EF4A800BD3050 /* ViewController */,
				CA26D1E52369653C000FDDD0 /* View */,
			);
			path = OnBoarding;
			sourceTree = "<group>";
		};
		CA26D1E52369653C000FDDD0 /* View */ = {
			isa = PBXGroup;
			children = (
				CAB5D2E623692F7700ACAAD0 /* OnBoarding.storyboard */,
			);
			path = View;
			sourceTree = "<group>";
		};
		CA26D1E623696599000FDDD0 /* Main */ = {
			isa = PBXGroup;
			children = (
				CA3559972366A5FB00382CCF /* SceneDelegate.swift */,
				CA3559952366A5FB00382CCF /* AppDelegate.swift */,
			);
			path = Main;
			sourceTree = "<group>";
		};
		CA26D1E7236965B3000FDDD0 /* Home */ = {
			isa = PBXGroup;
			children = (
				CA26D1EC23696787000FDDD0 /* ViewController */,
				CA26D1EB2369677E000FDDD0 /* View */,
			);
			path = Home;
			sourceTree = "<group>";
		};
		CA26D1EA23696717000FDDD0 /* Classes */ = {
			isa = PBXGroup;
			children = (
				CAB5D2DC23680C1E00ACAAD0 /* Model */,
				CA26D1ED236967A2000FDDD0 /* LaunchScreen */,
				CA26D1E32369652B000FDDD0 /* OnBoarding */,
				CA26D1E7236965B3000FDDD0 /* Home */,
				CA26D1F3236A82C8000FDDD0 /* OrderList */,
				CA73E6DD236FC28F00BD3050 /* ListOfMerchant */,
				CA73E6DE236FC29E00BD3050 /* MerchantMenu */,
				CA73E6DF236FC2CB00BD3050 /* Authentication */,
				CA73E6E0236FC2F100BD3050 /* CheckoutOrder */,
			);
			path = Classes;
			sourceTree = "<group>";
		};
		CA26D1EB2369677E000FDDD0 /* View */ = {
			isa = PBXGroup;
			children = (
				CA35599B2366A5FB00382CCF /* Home.storyboard */,
			);
			path = View;
			sourceTree = "<group>";
		};
		CA26D1EC23696787000FDDD0 /* ViewController */ = {
			isa = PBXGroup;
			children = (
				CA3559992366A5FB00382CCF /* ViewControllerHome.swift */,
			);
			path = ViewController;
			sourceTree = "<group>";
		};
		CA26D1ED236967A2000FDDD0 /* LaunchScreen */ = {
			isa = PBXGroup;
			children = (
				CA26D1EE236967AC000FDDD0 /* View */,
			);
			path = LaunchScreen;
			sourceTree = "<group>";
		};
		CA26D1EE236967AC000FDDD0 /* View */ = {
			isa = PBXGroup;
			children = (
				CA3559A32366A5FB00382CCF /* LaunchScreen.storyboard */,
			);
			path = View;
			sourceTree = "<group>";
		};
		CA26D1EF236967CC000FDDD0 /* Resources */ = {
			isa = PBXGroup;
			children = (
				CA3559A62366A5FB00382CCF /* Info.plist */,
				CA3559A12366A5FB00382CCF /* Assets.xcassets */,
				CA35599E2366A5FB00382CCF /* OrderEat_Customer.xcdatamodeld */,
			);
			path = Resources;
			sourceTree = "<group>";
		};
		CA26D1F3236A82C8000FDDD0 /* OrderList */ = {
			isa = PBXGroup;
			children = (
				CA73E70D236FC6ED00BD3050 /* OnGoing */,
				CA73E70E236FC70400BD3050 /* History */,
			);
			path = OrderList;
			sourceTree = "<group>";
		};
		CA26D1F6236A82DD000FDDD0 /* ViewController */ = {
			isa = PBXGroup;
			children = (
				0A73B67D23741771003E1543 /* OnGoingViewController.swift */,
			);
			path = ViewController;
			sourceTree = "<group>";
		};
		CA26D1F7236A82E5000FDDD0 /* ViewModel */ = {
			isa = PBXGroup;
			children = (
				0A61C1882372745500CF695F /* OnGoingViewModel.swift */,
			);
			path = ViewModel;
			sourceTree = "<group>";
		};
		CA3559892366A5FB00382CCF = {
			isa = PBXGroup;
			children = (
				CA3559942366A5FB00382CCF /* OrderEat-Customer */,
				CA3559AE2366A5FB00382CCF /* OrderEat-CustomerTests */,
				CA3559B92366A5FB00382CCF /* OrderEat-CustomerUITests */,
				CA3559932366A5FB00382CCF /* Products */,
				665C1D4B7BACCCD6C791557A /* Pods */,
				1F9C416051ABC4FA88E5FB83 /* Frameworks */,
			);
			sourceTree = "<group>";
		};
		CA3559932366A5FB00382CCF /* Products */ = {
			isa = PBXGroup;
			children = (
				CA3559922366A5FB00382CCF /* OrderEat-Customer.app */,
				CA3559AB2366A5FB00382CCF /* OrderEat-CustomerTests.xctest */,
				CA3559B62366A5FB00382CCF /* OrderEat-CustomerUITests.xctest */,
			);
			name = Products;
			sourceTree = "<group>";
		};
		CA3559942366A5FB00382CCF /* OrderEat-Customer */ = {
			isa = PBXGroup;
			children = (
				87940C69237BFF55009AC6EA /* OrderEat-Customer.entitlements */,
				A3B71189236FF57300670669 /* Tools */,
				CA26D1E623696599000FDDD0 /* Main */,
				CA26D1EA23696717000FDDD0 /* Classes */,
				CA26D1EF236967CC000FDDD0 /* Resources */,
			);
			path = "OrderEat-Customer";
			sourceTree = "<group>";
		};
		CA3559AE2366A5FB00382CCF /* OrderEat-CustomerTests */ = {
			isa = PBXGroup;
			children = (
				CA3559AF2366A5FB00382CCF /* OrderEat_CustomerTests.swift */,
				CA3559B12366A5FB00382CCF /* Info.plist */,
			);
			path = "OrderEat-CustomerTests";
			sourceTree = "<group>";
		};
		CA3559B92366A5FB00382CCF /* OrderEat-CustomerUITests */ = {
			isa = PBXGroup;
			children = (
				CA3559BA2366A5FB00382CCF /* OrderEat_CustomerUITests.swift */,
				CA3559BC2366A5FB00382CCF /* Info.plist */,
			);
			path = "OrderEat-CustomerUITests";
			sourceTree = "<group>";
		};
		CA73E6D8236EF4A800BD3050 /* ViewController */ = {
			isa = PBXGroup;
			children = (
				CA73E6D9236EF4BC00BD3050 /* OnBoardingViewController.swift */,
			);
			path = ViewController;
			sourceTree = "<group>";
		};
		CA73E6DD236FC28F00BD3050 /* ListOfMerchant */ = {
			isa = PBXGroup;
			children = (
				CA73E70A236FC6A200BD3050 /* ViewModel */,
				CA73E709236FC69B00BD3050 /* ViewController */,
				CA73E708236FC69600BD3050 /* View */,
			);
			path = ListOfMerchant;
			sourceTree = "<group>";
		};
		CA73E6DE236FC29E00BD3050 /* MerchantMenu */ = {
			isa = PBXGroup;
			children = (
				CA73E6EC236FC45B00BD3050 /* ViewModel */,
				CA73E6EB236FC45300BD3050 /* ViewController */,
				CA73E6EA236FC44E00BD3050 /* View */,
			);
			path = MerchantMenu;
			sourceTree = "<group>";
		};
		CA73E6DF236FC2CB00BD3050 /* Authentication */ = {
			isa = PBXGroup;
			children = (
				CA73E6E1236FC30100BD3050 /* Signin */,
			);
			name = Authentication;
			path = CheckoutOrder/ConfirmOrder/Authentication;
			sourceTree = "<group>";
		};
		CA73E6E0236FC2F100BD3050 /* CheckoutOrder */ = {
			isa = PBXGroup;
			children = (
				CA73E6E9236FC37100BD3050 /* OrderSetTime */,
				CA73E6E7236FC35B00BD3050 /* WaitingforRestoConfirm */,
				CA73E6E6236FC35000BD3050 /* CancelOrder */,
				CA73E6E5236FC34500BD3050 /* ConfirmPayment */,
				CA73E6E3236FC32B00BD3050 /* OrderDone */,
				CA73E6E2236FC31700BD3050 /* OrderDoneandReadytoPickup */,
			);
			path = CheckoutOrder;
			sourceTree = "<group>";
		};
		CA73E6E1236FC30100BD3050 /* Signin */ = {
			isa = PBXGroup;
			children = (
				CA73E706236FC67B00BD3050 /* ViewModel */,
				CA73E707236FC68100BD3050 /* ViewController */,
				CA73E705236FC67500BD3050 /* View */,
			);
			path = Signin;
			sourceTree = "<group>";
		};
		CA73E6E2236FC31700BD3050 /* OrderDoneandReadytoPickup */ = {
			isa = PBXGroup;
			children = (
				CA73E704236FC66500BD3050 /* ViewModel */,
				CA73E703236FC65F00BD3050 /* ViewController */,
				CA73E702236FC65900BD3050 /* View */,
			);
			path = OrderDoneandReadytoPickup;
			sourceTree = "<group>";
		};
		CA73E6E3236FC32B00BD3050 /* OrderDone */ = {
			isa = PBXGroup;
			children = (
				CA73E701236FC65300BD3050 /* ViewModel */,
				CA73E700236FC64D00BD3050 /* ViewController */,
				CA73E6FF236FC64300BD3050 /* View */,
			);
			path = OrderDone;
			sourceTree = "<group>";
		};
		CA73E6E5236FC34500BD3050 /* ConfirmPayment */ = {
			isa = PBXGroup;
			children = (
				CA73E6FB236FC62600BD3050 /* ViewModel */,
				CA73E6FA236FC62000BD3050 /* ViewController */,
				CA73E6F9236FC61C00BD3050 /* View */,
			);
			path = ConfirmPayment;
			sourceTree = "<group>";
		};
		CA73E6E6236FC35000BD3050 /* CancelOrder */ = {
			isa = PBXGroup;
			children = (
				CA73E6F8236FC60B00BD3050 /* ViewModel */,
				CA73E6F7236FC60300BD3050 /* ViewController */,
				CA73E6F6236FC5F600BD3050 /* View */,
			);
			path = CancelOrder;
			sourceTree = "<group>";
		};
		CA73E6E7236FC35B00BD3050 /* WaitingforRestoConfirm */ = {
			isa = PBXGroup;
			children = (
				CA73E6F5236FC5ED00BD3050 /* ViewModel */,
				CA73E6F4236FC5E700BD3050 /* ViewController */,
				CA73E6F3236FC5E300BD3050 /* View */,
			);
			path = WaitingforRestoConfirm;
			sourceTree = "<group>";
		};
		CA73E6E9236FC37100BD3050 /* OrderSetTime */ = {
			isa = PBXGroup;
			children = (
				CA73E6EF236FC59500BD3050 /* ViewModel */,
				CA73E6EE236FC58E00BD3050 /* ViewController */,
				CA73E6ED236FC58600BD3050 /* View */,
			);
			path = OrderSetTime;
			sourceTree = "<group>";
		};
		CA73E6EA236FC44E00BD3050 /* View */ = {
			isa = PBXGroup;
			children = (
				CA73E711236FCABC00BD3050 /* MerchantMenu.storyboard */,
				CA73E71E236FECAF00BD3050 /* MenuTableViewCell.swift */,
				CA1BB4AB23710BA700F6EFD0 /* DetailMerchantView.swift */,
				CA1BB5DF23747B6D00F6EFD0 /* ButtonCellDelegate.swift */,
			);
			path = View;
			sourceTree = "<group>";
		};
		CA73E6EB236FC45300BD3050 /* ViewController */ = {
			isa = PBXGroup;
			children = (
				CA73E71C236FEA3500BD3050 /* MerchantMenuViewController.swift */,
			);
			path = ViewController;
			sourceTree = "<group>";
		};
		CA73E6EC236FC45B00BD3050 /* ViewModel */ = {
			isa = PBXGroup;
			children = (
				CA73E721236FF06700BD3050 /* AddDataMerchantMenu.swift */,
			);
			path = ViewModel;
			sourceTree = "<group>";
		};
		CA73E6ED236FC58600BD3050 /* View */ = {
			isa = PBXGroup;
			children = (
				A3B71185236FE90A00670669 /* OrderSetTime.storyboard */,
				A3B7118D236FFA9B00670669 /* ItemOrderedTableViewCell.swift */,
				A3B7118F236FFAD000670669 /* PriceOrderedTableViewCell.swift */,
				A3B71191236FFAFC00670669 /* PickUpTimeTableViewCell.swift */,
				A3B71193236FFB1F00670669 /* PaymentMethodTableViewCell.swift */,
				A3B71195236FFB4A00670669 /* ConfirmOrderButtonTableViewCell.swift */,
			);
			path = View;
			sourceTree = "<group>";
		};
		CA73E6EE236FC58E00BD3050 /* ViewController */ = {
			isa = PBXGroup;
			children = (
				A3B71197236FFDA400670669 /* OrderSetTimeViewController.swift */,
			);
			path = ViewController;
			sourceTree = "<group>";
		};
		CA73E6EF236FC59500BD3050 /* ViewModel */ = {
			isa = PBXGroup;
			children = (
				A3B7119D23710FD100670669 /* OrderedMenu.swift */,
				CA754E26237D12B6005BAD6D /* OrderSetTimeViewModel.swift */,
			);
			path = ViewModel;
			sourceTree = "<group>";
		};
		CA73E6F3236FC5E300BD3050 /* View */ = {
			isa = PBXGroup;
			children = (
				A31B44A42374052C00022FE6 /* WaitingforRestoConfirm.storyboard */,
			);
			path = View;
			sourceTree = "<group>";
		};
		CA73E6F4236FC5E700BD3050 /* ViewController */ = {
			isa = PBXGroup;
			children = (
				A31B44A2237404FA00022FE6 /* WaitingforRestoConfirmViewController.swift */,
			);
			path = ViewController;
			sourceTree = "<group>";
		};
		CA73E6F5236FC5ED00BD3050 /* ViewModel */ = {
			isa = PBXGroup;
			children = (
			);
			path = ViewModel;
			sourceTree = "<group>";
		};
		CA73E6F6236FC5F600BD3050 /* View */ = {
			isa = PBXGroup;
			children = (
				A31B44A82374055E00022FE6 /* CancelOrder.storyboard */,
			);
			path = View;
			sourceTree = "<group>";
		};
		CA73E6F7236FC60300BD3050 /* ViewController */ = {
			isa = PBXGroup;
			children = (
				A31B44A62374054B00022FE6 /* CancelOrderViewController.swift */,
			);
			path = ViewController;
			sourceTree = "<group>";
		};
		CA73E6F8236FC60B00BD3050 /* ViewModel */ = {
			isa = PBXGroup;
			children = (
			);
			path = ViewModel;
			sourceTree = "<group>";
		};
		CA73E6F9236FC61C00BD3050 /* View */ = {
			isa = PBXGroup;
			children = (
				A3DDA73923729B93006CB5BA /* ConfirmPayment.storyboard */,
				A3DDA74F2372A768006CB5BA /* OrderedItemTableViewCell.swift */,
				A3DDA7512372A770006CB5BA /* DetailsTableViewCell.swift */,
				A3DDA7532372A778006CB5BA /* QRTableViewCell.swift */,
			);
			path = View;
			sourceTree = "<group>";
		};
		CA73E6FA236FC62000BD3050 /* ViewController */ = {
			isa = PBXGroup;
			children = (
				A3DDA73B23729BAB006CB5BA /* ConfirmPaymentViewController.swift */,
			);
			path = ViewController;
			sourceTree = "<group>";
		};
		CA73E6FB236FC62600BD3050 /* ViewModel */ = {
			isa = PBXGroup;
			children = (
				A3DDA7552372A9D2006CB5BA /* ConfirmPaymentViewModel.swift */,
			);
			path = ViewModel;
			sourceTree = "<group>";
		};
		CA73E6FF236FC64300BD3050 /* View */ = {
			isa = PBXGroup;
			children = (
				A31B449E2373FD5800022FE6 /* OrderDone.storyboard */,
				A3E4D5D42375202800693241 /* ShowQRTableViewCell.swift */,
				A3E4D5D22375201800693241 /* DetailTableViewCell.swift */,
				A3E4D5D02375200D00693241 /* ItemTableViewCell.swift */,
			);
			path = View;
			sourceTree = "<group>";
		};
		CA73E700236FC64D00BD3050 /* ViewController */ = {
			isa = PBXGroup;
			children = (
				A3E4D5D82375234A00693241 /* OrderDoneViewController.swift */,
			);
			path = ViewController;
			sourceTree = "<group>";
		};
		CA73E701236FC65300BD3050 /* ViewModel */ = {
			isa = PBXGroup;
			children = (
				CA754E28237D12DF005BAD6D /* OrderDoneViewModel.swift */,
			);
			path = ViewModel;
			sourceTree = "<group>";
		};
		CA73E702236FC65900BD3050 /* View */ = {
			isa = PBXGroup;
			children = (
			);
			path = View;
			sourceTree = "<group>";
		};
		CA73E703236FC65F00BD3050 /* ViewController */ = {
			isa = PBXGroup;
			children = (
			);
			path = ViewController;
			sourceTree = "<group>";
		};
		CA73E704236FC66500BD3050 /* ViewModel */ = {
			isa = PBXGroup;
			children = (
			);
			path = ViewModel;
			sourceTree = "<group>";
		};
		CA73E705236FC67500BD3050 /* View */ = {
			isa = PBXGroup;
			children = (
				E63B673A23755ADE00578442 /* Signin.xib */,
			);
			path = View;
			sourceTree = "<group>";
		};
		CA73E706236FC67B00BD3050 /* ViewModel */ = {
			isa = PBXGroup;
			children = (
			);
			path = ViewModel;
			sourceTree = "<group>";
		};
		CA73E707236FC68100BD3050 /* ViewController */ = {
			isa = PBXGroup;
			children = (
				E63B673823755AD000578442 /* SigninViewController.swift */,
			);
			path = ViewController;
			sourceTree = "<group>";
		};
		CA73E708236FC69600BD3050 /* View */ = {
			isa = PBXGroup;
			children = (
				CA73E70B236FC6C800BD3050 /* ListOfMerchant.storyboard */,
				0A72B4FD236FF04100707951 /* ListMerchantTableViewCell.swift */,
			);
			path = View;
			sourceTree = "<group>";
		};
		CA73E709236FC69B00BD3050 /* ViewController */ = {
			isa = PBXGroup;
			children = (
				0A2F5783236FFD990048BB0E /* ListMerchantViewController.swift */,
			);
			path = ViewController;
			sourceTree = "<group>";
		};
		CA73E70A236FC6A200BD3050 /* ViewModel */ = {
			isa = PBXGroup;
			children = (
				0A61C1822371427700CF695F /* AddData.swift */,
			);
			path = ViewModel;
			sourceTree = "<group>";
		};
		CA73E70D236FC6ED00BD3050 /* OnGoing */ = {
			isa = PBXGroup;
			children = (
				CA26D1F7236A82E5000FDDD0 /* ViewModel */,
				CA26D1F6236A82DD000FDDD0 /* ViewController */,
				CA73E713236FD3AF00BD3050 /* View */,
			);
			path = OnGoing;
			sourceTree = "<group>";
		};
		CA73E70E236FC70400BD3050 /* History */ = {
			isa = PBXGroup;
			children = (
			);
			path = History;
			sourceTree = "<group>";
		};
		CA73E713236FD3AF00BD3050 /* View */ = {
			isa = PBXGroup;
			children = (
				CA73E714236FD3E800BD3050 /* OnGoing.storyboard */,
				0A73B67F237518D9003E1543 /* OnGoingCollectionListCell.swift */,
				0A73B680237518D9003E1543 /* OnGoingCollectionListCell.xib */,
			);
			path = View;
			sourceTree = "<group>";
		};
		CAB5D2DC23680C1E00ACAAD0 /* Model */ = {
			isa = PBXGroup;
			children = (
				CAB5D2DE23680CF000ACAAD0 /* Customer.swift */,
				CAB5D2E023680D9300ACAAD0 /* Merchant.swift */,
				CAB5D2E223680D9D00ACAAD0 /* Menu.swift */,
				CA73E716236FE02900BD3050 /* TokenAPI.swift */,
				CA73E718236FE0A500BD3050 /* OTP.swift */,
				CA73E71A236FE0B900BD3050 /* Transaction.swift */,
				93F62E7E237BD8EE007FED6B /* TransactionDetail.swift */,
			);
			path = Model;
			sourceTree = "<group>";
		};
/* End PBXGroup section */

/* Begin PBXNativeTarget section */
		CA3559912366A5FB00382CCF /* OrderEat-Customer */ = {
			isa = PBXNativeTarget;
			buildConfigurationList = CA3559BF2366A5FB00382CCF /* Build configuration list for PBXNativeTarget "OrderEat-Customer" */;
			buildPhases = (
				B0EE05F7F1108EA4C2092D3D /* [CP] Check Pods Manifest.lock */,
				CA35598E2366A5FB00382CCF /* Sources */,
				CA35598F2366A5FB00382CCF /* Frameworks */,
				CA3559902366A5FB00382CCF /* Resources */,
				CC3F37C669CE6A93C8814956 /* [CP] Embed Pods Frameworks */,
			);
			buildRules = (
			);
			dependencies = (
			);
			name = "OrderEat-Customer";
			productName = "OrderEat-Customer";
			productReference = CA3559922366A5FB00382CCF /* OrderEat-Customer.app */;
			productType = "com.apple.product-type.application";
		};
		CA3559AA2366A5FB00382CCF /* OrderEat-CustomerTests */ = {
			isa = PBXNativeTarget;
			buildConfigurationList = CA3559C22366A5FB00382CCF /* Build configuration list for PBXNativeTarget "OrderEat-CustomerTests" */;
			buildPhases = (
				B2BBE97B7E07743E99CB7C4F /* [CP] Check Pods Manifest.lock */,
				CA3559A72366A5FB00382CCF /* Sources */,
				CA3559A82366A5FB00382CCF /* Frameworks */,
				CA3559A92366A5FB00382CCF /* Resources */,
			);
			buildRules = (
			);
			dependencies = (
				CA3559AD2366A5FB00382CCF /* PBXTargetDependency */,
			);
			name = "OrderEat-CustomerTests";
			productName = "OrderEat-CustomerTests";
			productReference = CA3559AB2366A5FB00382CCF /* OrderEat-CustomerTests.xctest */;
			productType = "com.apple.product-type.bundle.unit-test";
		};
		CA3559B52366A5FB00382CCF /* OrderEat-CustomerUITests */ = {
			isa = PBXNativeTarget;
			buildConfigurationList = CA3559C52366A5FB00382CCF /* Build configuration list for PBXNativeTarget "OrderEat-CustomerUITests" */;
			buildPhases = (
				2D94FE975B54B9D7F185F0B0 /* [CP] Check Pods Manifest.lock */,
				CA3559B22366A5FB00382CCF /* Sources */,
				CA3559B32366A5FB00382CCF /* Frameworks */,
				CA3559B42366A5FB00382CCF /* Resources */,
				40C9F358E871615FDE01925E /* [CP] Embed Pods Frameworks */,
			);
			buildRules = (
			);
			dependencies = (
				CA3559B82366A5FB00382CCF /* PBXTargetDependency */,
			);
			name = "OrderEat-CustomerUITests";
			productName = "OrderEat-CustomerUITests";
			productReference = CA3559B62366A5FB00382CCF /* OrderEat-CustomerUITests.xctest */;
			productType = "com.apple.product-type.bundle.ui-testing";
		};
/* End PBXNativeTarget section */

/* Begin PBXProject section */
		CA35598A2366A5FB00382CCF /* Project object */ = {
			isa = PBXProject;
			attributes = {
				LastSwiftUpdateCheck = 1100;
				LastUpgradeCheck = 1100;
				ORGANIZATIONNAME = "Galih Asmarandaru";
				TargetAttributes = {
					CA3559912366A5FB00382CCF = {
						CreatedOnToolsVersion = 11.0;
					};
					CA3559AA2366A5FB00382CCF = {
						CreatedOnToolsVersion = 11.0;
						TestTargetID = CA3559912366A5FB00382CCF;
					};
					CA3559B52366A5FB00382CCF = {
						CreatedOnToolsVersion = 11.0;
						TestTargetID = CA3559912366A5FB00382CCF;
					};
				};
			};
			buildConfigurationList = CA35598D2366A5FB00382CCF /* Build configuration list for PBXProject "OrderEat-Customer" */;
			compatibilityVersion = "Xcode 9.3";
			developmentRegion = en;
			hasScannedForEncodings = 0;
			knownRegions = (
				en,
				Base,
			);
			mainGroup = CA3559892366A5FB00382CCF;
			productRefGroup = CA3559932366A5FB00382CCF /* Products */;
			projectDirPath = "";
			projectRoot = "";
			targets = (
				CA3559912366A5FB00382CCF /* OrderEat-Customer */,
				CA3559AA2366A5FB00382CCF /* OrderEat-CustomerTests */,
				CA3559B52366A5FB00382CCF /* OrderEat-CustomerUITests */,
			);
		};
/* End PBXProject section */

/* Begin PBXResourcesBuildPhase section */
		CA3559902366A5FB00382CCF /* Resources */ = {
			isa = PBXResourcesBuildPhase;
			buildActionMask = 2147483647;
			files = (
				93F62E80237BDEB4007FED6B /* WaitingforRestoConfirm.storyboard in Resources */,
				CA3559A52366A5FB00382CCF /* LaunchScreen.storyboard in Resources */,
				CA3559A22366A5FB00382CCF /* Assets.xcassets in Resources */,
				A3DDA73A23729B93006CB5BA /* ConfirmPayment.storyboard in Resources */,
				CA35599D2366A5FB00382CCF /* Home.storyboard in Resources */,
				A31B449F2373FD5800022FE6 /* OrderDone.storyboard in Resources */,
				0A73B682237518D9003E1543 /* OnGoingCollectionListCell.xib in Resources */,
				CA73E70C236FC6C800BD3050 /* ListOfMerchant.storyboard in Resources */,
				CA73E712236FCABC00BD3050 /* MerchantMenu.storyboard in Resources */,
				E63B673B23755ADE00578442 /* Signin.xib in Resources */,
				A3B71186236FE90A00670669 /* OrderSetTime.storyboard in Resources */,
				CA73E715236FD3E800BD3050 /* OnGoing.storyboard in Resources */,
				A31B44A92374055E00022FE6 /* CancelOrder.storyboard in Resources */,
				CAB5D2E823692F7700ACAAD0 /* OnBoarding.storyboard in Resources */,
			);
			runOnlyForDeploymentPostprocessing = 0;
		};
		CA3559A92366A5FB00382CCF /* Resources */ = {
			isa = PBXResourcesBuildPhase;
			buildActionMask = 2147483647;
			files = (
			);
			runOnlyForDeploymentPostprocessing = 0;
		};
		CA3559B42366A5FB00382CCF /* Resources */ = {
			isa = PBXResourcesBuildPhase;
			buildActionMask = 2147483647;
			files = (
			);
			runOnlyForDeploymentPostprocessing = 0;
		};
/* End PBXResourcesBuildPhase section */

/* Begin PBXShellScriptBuildPhase section */
		2D94FE975B54B9D7F185F0B0 /* [CP] Check Pods Manifest.lock */ = {
			isa = PBXShellScriptBuildPhase;
			buildActionMask = 2147483647;
			files = (
			);
			inputFileListPaths = (
			);
			inputPaths = (
				"${PODS_PODFILE_DIR_PATH}/Podfile.lock",
				"${PODS_ROOT}/Manifest.lock",
			);
			name = "[CP] Check Pods Manifest.lock";
			outputFileListPaths = (
			);
			outputPaths = (
				"$(DERIVED_FILE_DIR)/Pods-OrderEat-Customer-OrderEat-CustomerUITests-checkManifestLockResult.txt",
			);
			runOnlyForDeploymentPostprocessing = 0;
			shellPath = /bin/sh;
			shellScript = "diff \"${PODS_PODFILE_DIR_PATH}/Podfile.lock\" \"${PODS_ROOT}/Manifest.lock\" > /dev/null\nif [ $? != 0 ] ; then\n    # print error to STDERR\n    echo \"error: The sandbox is not in sync with the Podfile.lock. Run 'pod install' or update your CocoaPods installation.\" >&2\n    exit 1\nfi\n# This output is used by Xcode 'outputs' to avoid re-running this script phase.\necho \"SUCCESS\" > \"${SCRIPT_OUTPUT_FILE_0}\"\n";
			showEnvVarsInLog = 0;
		};
		40C9F358E871615FDE01925E /* [CP] Embed Pods Frameworks */ = {
			isa = PBXShellScriptBuildPhase;
			buildActionMask = 2147483647;
			files = (
			);
			inputFileListPaths = (
				"${PODS_ROOT}/Target Support Files/Pods-OrderEat-Customer-OrderEat-CustomerUITests/Pods-OrderEat-Customer-OrderEat-CustomerUITests-frameworks-${CONFIGURATION}-input-files.xcfilelist",
			);
			name = "[CP] Embed Pods Frameworks";
			outputFileListPaths = (
				"${PODS_ROOT}/Target Support Files/Pods-OrderEat-Customer-OrderEat-CustomerUITests/Pods-OrderEat-Customer-OrderEat-CustomerUITests-frameworks-${CONFIGURATION}-output-files.xcfilelist",
			);
			runOnlyForDeploymentPostprocessing = 0;
			shellPath = /bin/sh;
			shellScript = "\"${PODS_ROOT}/Target Support Files/Pods-OrderEat-Customer-OrderEat-CustomerUITests/Pods-OrderEat-Customer-OrderEat-CustomerUITests-frameworks.sh\"\n";
			showEnvVarsInLog = 0;
		};
		B0EE05F7F1108EA4C2092D3D /* [CP] Check Pods Manifest.lock */ = {
			isa = PBXShellScriptBuildPhase;
			buildActionMask = 2147483647;
			files = (
			);
			inputFileListPaths = (
			);
			inputPaths = (
				"${PODS_PODFILE_DIR_PATH}/Podfile.lock",
				"${PODS_ROOT}/Manifest.lock",
			);
			name = "[CP] Check Pods Manifest.lock";
			outputFileListPaths = (
			);
			outputPaths = (
				"$(DERIVED_FILE_DIR)/Pods-OrderEat-Customer-checkManifestLockResult.txt",
			);
			runOnlyForDeploymentPostprocessing = 0;
			shellPath = /bin/sh;
			shellScript = "diff \"${PODS_PODFILE_DIR_PATH}/Podfile.lock\" \"${PODS_ROOT}/Manifest.lock\" > /dev/null\nif [ $? != 0 ] ; then\n    # print error to STDERR\n    echo \"error: The sandbox is not in sync with the Podfile.lock. Run 'pod install' or update your CocoaPods installation.\" >&2\n    exit 1\nfi\n# This output is used by Xcode 'outputs' to avoid re-running this script phase.\necho \"SUCCESS\" > \"${SCRIPT_OUTPUT_FILE_0}\"\n";
			showEnvVarsInLog = 0;
		};
		B2BBE97B7E07743E99CB7C4F /* [CP] Check Pods Manifest.lock */ = {
			isa = PBXShellScriptBuildPhase;
			buildActionMask = 2147483647;
			files = (
			);
			inputFileListPaths = (
			);
			inputPaths = (
				"${PODS_PODFILE_DIR_PATH}/Podfile.lock",
				"${PODS_ROOT}/Manifest.lock",
			);
			name = "[CP] Check Pods Manifest.lock";
			outputFileListPaths = (
			);
			outputPaths = (
				"$(DERIVED_FILE_DIR)/Pods-OrderEat-CustomerTests-checkManifestLockResult.txt",
			);
			runOnlyForDeploymentPostprocessing = 0;
			shellPath = /bin/sh;
			shellScript = "diff \"${PODS_PODFILE_DIR_PATH}/Podfile.lock\" \"${PODS_ROOT}/Manifest.lock\" > /dev/null\nif [ $? != 0 ] ; then\n    # print error to STDERR\n    echo \"error: The sandbox is not in sync with the Podfile.lock. Run 'pod install' or update your CocoaPods installation.\" >&2\n    exit 1\nfi\n# This output is used by Xcode 'outputs' to avoid re-running this script phase.\necho \"SUCCESS\" > \"${SCRIPT_OUTPUT_FILE_0}\"\n";
			showEnvVarsInLog = 0;
		};
		CC3F37C669CE6A93C8814956 /* [CP] Embed Pods Frameworks */ = {
			isa = PBXShellScriptBuildPhase;
			buildActionMask = 2147483647;
			files = (
			);
			inputFileListPaths = (
				"${PODS_ROOT}/Target Support Files/Pods-OrderEat-Customer/Pods-OrderEat-Customer-frameworks-${CONFIGURATION}-input-files.xcfilelist",
			);
			name = "[CP] Embed Pods Frameworks";
			outputFileListPaths = (
				"${PODS_ROOT}/Target Support Files/Pods-OrderEat-Customer/Pods-OrderEat-Customer-frameworks-${CONFIGURATION}-output-files.xcfilelist",
			);
			runOnlyForDeploymentPostprocessing = 0;
			shellPath = /bin/sh;
			shellScript = "\"${PODS_ROOT}/Target Support Files/Pods-OrderEat-Customer/Pods-OrderEat-Customer-frameworks.sh\"\n";
			showEnvVarsInLog = 0;
		};
/* End PBXShellScriptBuildPhase section */

/* Begin PBXSourcesBuildPhase section */
		CA35598E2366A5FB00382CCF /* Sources */ = {
			isa = PBXSourcesBuildPhase;
			buildActionMask = 2147483647;
			files = (
				A3B7118C236FF5AF00670669 /* CustomButton.swift in Sources */,
				0A2F5784236FFD990048BB0E /* ListMerchantViewController.swift in Sources */,
				A3E4D5D12375200D00693241 /* ItemTableViewCell.swift in Sources */,
				0A72B4FE236FF04100707951 /* ListMerchantTableViewCell.swift in Sources */,
				0A73B681237518D9003E1543 /* OnGoingCollectionListCell.swift in Sources */,
				0A61C1832371427700CF695F /* AddData.swift in Sources */,
				CA35599A2366A5FB00382CCF /* ViewControllerHome.swift in Sources */,
				93F62E7B237BD8E4007FED6B /* Decode test.swift in Sources */,
				A3B7118E236FFA9B00670669 /* ItemOrderedTableViewCell.swift in Sources */,
				A31B44A72374054B00022FE6 /* CancelOrderViewController.swift in Sources */,
				A3DDA7562372A9D2006CB5BA /* ConfirmPaymentViewModel.swift in Sources */,
				CAB5D2DF23680CF000ACAAD0 /* Customer.swift in Sources */,
				A31B44A3237404FA00022FE6 /* WaitingforRestoConfirmViewController.swift in Sources */,
				CA73E71F236FECAF00BD3050 /* MenuTableViewCell.swift in Sources */,
				CA1BB4AC23710BA700F6EFD0 /* DetailMerchantView.swift in Sources */,
				CA73E71B236FE0B900BD3050 /* Transaction.swift in Sources */,
				A3DDA7542372A778006CB5BA /* QRTableViewCell.swift in Sources */,
				A3E4D5D92375234A00693241 /* OrderDoneViewController.swift in Sources */,
				A3DDA7522372A770006CB5BA /* DetailsTableViewCell.swift in Sources */,
				CAB5D2E323680D9D00ACAAD0 /* Menu.swift in Sources */,
				93FA9298237CF81B006AD4D2 /* Date.swift in Sources */,
				A3B71198236FFDA400670669 /* OrderSetTimeViewController.swift in Sources */,
				A3B71192236FFAFC00670669 /* PickUpTimeTableViewCell.swift in Sources */,
				A3B711A0237161E200670669 /* CustomColor.swift in Sources */,
				A3B71196236FFB4A00670669 /* ConfirmOrderButtonTableViewCell.swift in Sources */,
				CAB5D2E123680D9300ACAAD0 /* Merchant.swift in Sources */,
				CA754E29237D12DF005BAD6D /* OrderDoneViewModel.swift in Sources */,
				A3DDA73C23729BAB006CB5BA /* ConfirmPaymentViewController.swift in Sources */,
				A3B7119E23710FD100670669 /* OrderedMenu.swift in Sources */,
				CA1BB5E023747B6D00F6EFD0 /* ButtonCellDelegate.swift in Sources */,
				93F62E7C237BD8E4007FED6B /* APIRequest.swift in Sources */,
				93FA929A237CFE5F006AD4D2 /* String.swift in Sources */,
				CA73E71D236FEA3500BD3050 /* MerchantMenuViewController.swift in Sources */,
				CA73E722236FF06700BD3050 /* AddDataMerchantMenu.swift in Sources */,
				0A61C1892372745500CF695F /* OnGoingViewModel.swift in Sources */,
				CA3559A02366A5FB00382CCF /* OrderEat_Customer.xcdatamodeld in Sources */,
				93F62E7A237BD8E4007FED6B /* Data.swift in Sources */,
				93F62E79237BD8E4007FED6B /* CurrentUser.swift in Sources */,
				CA754E27237D12B6005BAD6D /* OrderSetTimeViewModel.swift in Sources */,
				A3DDA7502372A768006CB5BA /* OrderedItemTableViewCell.swift in Sources */,
				A3B71190236FFAD000670669 /* PriceOrderedTableViewCell.swift in Sources */,
				A3E4D5D32375201800693241 /* DetailTableViewCell.swift in Sources */,
				CA3559962366A5FB00382CCF /* AppDelegate.swift in Sources */,
				CA73E717236FE02900BD3050 /* TokenAPI.swift in Sources */,
				E63B673923755AD000578442 /* SigninViewController.swift in Sources */,
				CA73E6DA236EF4BC00BD3050 /* OnBoardingViewController.swift in Sources */,
				87940C6B237C0A29009AC6EA /* PusherBeams.swift in Sources */,
				A31B449D2373CB6400022FE6 /* File.swift in Sources */,
				A3E4D5D52375202800693241 /* ShowQRTableViewCell.swift in Sources */,
				A3B71194236FFB1F00670669 /* PaymentMethodTableViewCell.swift in Sources */,
				0A73B67E23741771003E1543 /* OnGoingViewController.swift in Sources */,
				93F62E7F237BD8EE007FED6B /* TransactionDetail.swift in Sources */,
				93F62E7D237BD8E4007FED6B /* TransactionStatus.swift in Sources */,
				CA3559982366A5FB00382CCF /* SceneDelegate.swift in Sources */,
				87940C6D237C0A35009AC6EA /* PusherChannels.swift in Sources */,
				CA73E719236FE0A500BD3050 /* OTP.swift in Sources */,
			);
			runOnlyForDeploymentPostprocessing = 0;
		};
		CA3559A72366A5FB00382CCF /* Sources */ = {
			isa = PBXSourcesBuildPhase;
			buildActionMask = 2147483647;
			files = (
				CA3559B02366A5FB00382CCF /* OrderEat_CustomerTests.swift in Sources */,
			);
			runOnlyForDeploymentPostprocessing = 0;
		};
		CA3559B22366A5FB00382CCF /* Sources */ = {
			isa = PBXSourcesBuildPhase;
			buildActionMask = 2147483647;
			files = (
				CA3559BB2366A5FB00382CCF /* OrderEat_CustomerUITests.swift in Sources */,
			);
			runOnlyForDeploymentPostprocessing = 0;
		};
/* End PBXSourcesBuildPhase section */

/* Begin PBXTargetDependency section */
		CA3559AD2366A5FB00382CCF /* PBXTargetDependency */ = {
			isa = PBXTargetDependency;
			target = CA3559912366A5FB00382CCF /* OrderEat-Customer */;
			targetProxy = CA3559AC2366A5FB00382CCF /* PBXContainerItemProxy */;
		};
		CA3559B82366A5FB00382CCF /* PBXTargetDependency */ = {
			isa = PBXTargetDependency;
			target = CA3559912366A5FB00382CCF /* OrderEat-Customer */;
			targetProxy = CA3559B72366A5FB00382CCF /* PBXContainerItemProxy */;
		};
/* End PBXTargetDependency section */

/* Begin PBXVariantGroup section */
		CA35599B2366A5FB00382CCF /* Home.storyboard */ = {
			isa = PBXVariantGroup;
			children = (
				CA35599C2366A5FB00382CCF /* Base */,
			);
			name = Home.storyboard;
			sourceTree = "<group>";
		};
		CA3559A32366A5FB00382CCF /* LaunchScreen.storyboard */ = {
			isa = PBXVariantGroup;
			children = (
				CA3559A42366A5FB00382CCF /* Base */,
			);
			name = LaunchScreen.storyboard;
			sourceTree = "<group>";
		};
		CAB5D2E623692F7700ACAAD0 /* OnBoarding.storyboard */ = {
			isa = PBXVariantGroup;
			children = (
				CAB5D2E723692F7700ACAAD0 /* Base */,
			);
			name = OnBoarding.storyboard;
			sourceTree = "<group>";
		};
/* End PBXVariantGroup section */

/* Begin XCBuildConfiguration section */
		CA3559BD2366A5FB00382CCF /* Debug */ = {
			isa = XCBuildConfiguration;
			buildSettings = {
				ALWAYS_SEARCH_USER_PATHS = NO;
				CLANG_ANALYZER_NONNULL = YES;
				CLANG_ANALYZER_NUMBER_OBJECT_CONVERSION = YES_AGGRESSIVE;
				CLANG_CXX_LANGUAGE_STANDARD = "gnu++14";
				CLANG_CXX_LIBRARY = "libc++";
				CLANG_ENABLE_MODULES = YES;
				CLANG_ENABLE_OBJC_ARC = YES;
				CLANG_ENABLE_OBJC_WEAK = YES;
				CLANG_WARN_BLOCK_CAPTURE_AUTORELEASING = YES;
				CLANG_WARN_BOOL_CONVERSION = YES;
				CLANG_WARN_COMMA = YES;
				CLANG_WARN_CONSTANT_CONVERSION = YES;
				CLANG_WARN_DEPRECATED_OBJC_IMPLEMENTATIONS = YES;
				CLANG_WARN_DIRECT_OBJC_ISA_USAGE = YES_ERROR;
				CLANG_WARN_DOCUMENTATION_COMMENTS = YES;
				CLANG_WARN_EMPTY_BODY = YES;
				CLANG_WARN_ENUM_CONVERSION = YES;
				CLANG_WARN_INFINITE_RECURSION = YES;
				CLANG_WARN_INT_CONVERSION = YES;
				CLANG_WARN_NON_LITERAL_NULL_CONVERSION = YES;
				CLANG_WARN_OBJC_IMPLICIT_RETAIN_SELF = YES;
				CLANG_WARN_OBJC_LITERAL_CONVERSION = YES;
				CLANG_WARN_OBJC_ROOT_CLASS = YES_ERROR;
				CLANG_WARN_RANGE_LOOP_ANALYSIS = YES;
				CLANG_WARN_STRICT_PROTOTYPES = YES;
				CLANG_WARN_SUSPICIOUS_MOVE = YES;
				CLANG_WARN_UNGUARDED_AVAILABILITY = YES_AGGRESSIVE;
				CLANG_WARN_UNREACHABLE_CODE = YES;
				CLANG_WARN__DUPLICATE_METHOD_MATCH = YES;
				COPY_PHASE_STRIP = NO;
				DEBUG_INFORMATION_FORMAT = dwarf;
				ENABLE_STRICT_OBJC_MSGSEND = YES;
				ENABLE_TESTABILITY = YES;
				GCC_C_LANGUAGE_STANDARD = gnu11;
				GCC_DYNAMIC_NO_PIC = NO;
				GCC_NO_COMMON_BLOCKS = YES;
				GCC_OPTIMIZATION_LEVEL = 0;
				GCC_PREPROCESSOR_DEFINITIONS = (
					"DEBUG=1",
					"$(inherited)",
				);
				GCC_WARN_64_TO_32_BIT_CONVERSION = YES;
				GCC_WARN_ABOUT_RETURN_TYPE = YES_ERROR;
				GCC_WARN_UNDECLARED_SELECTOR = YES;
				GCC_WARN_UNINITIALIZED_AUTOS = YES_AGGRESSIVE;
				GCC_WARN_UNUSED_FUNCTION = YES;
				GCC_WARN_UNUSED_VARIABLE = YES;
				IPHONEOS_DEPLOYMENT_TARGET = 13.0;
				MTL_ENABLE_DEBUG_INFO = INCLUDE_SOURCE;
				MTL_FAST_MATH = YES;
				ONLY_ACTIVE_ARCH = YES;
				SDKROOT = iphoneos;
				SWIFT_ACTIVE_COMPILATION_CONDITIONS = DEBUG;
				SWIFT_OPTIMIZATION_LEVEL = "-Onone";
			};
			name = Debug;
		};
		CA3559BE2366A5FB00382CCF /* Release */ = {
			isa = XCBuildConfiguration;
			buildSettings = {
				ALWAYS_SEARCH_USER_PATHS = NO;
				CLANG_ANALYZER_NONNULL = YES;
				CLANG_ANALYZER_NUMBER_OBJECT_CONVERSION = YES_AGGRESSIVE;
				CLANG_CXX_LANGUAGE_STANDARD = "gnu++14";
				CLANG_CXX_LIBRARY = "libc++";
				CLANG_ENABLE_MODULES = YES;
				CLANG_ENABLE_OBJC_ARC = YES;
				CLANG_ENABLE_OBJC_WEAK = YES;
				CLANG_WARN_BLOCK_CAPTURE_AUTORELEASING = YES;
				CLANG_WARN_BOOL_CONVERSION = YES;
				CLANG_WARN_COMMA = YES;
				CLANG_WARN_CONSTANT_CONVERSION = YES;
				CLANG_WARN_DEPRECATED_OBJC_IMPLEMENTATIONS = YES;
				CLANG_WARN_DIRECT_OBJC_ISA_USAGE = YES_ERROR;
				CLANG_WARN_DOCUMENTATION_COMMENTS = YES;
				CLANG_WARN_EMPTY_BODY = YES;
				CLANG_WARN_ENUM_CONVERSION = YES;
				CLANG_WARN_INFINITE_RECURSION = YES;
				CLANG_WARN_INT_CONVERSION = YES;
				CLANG_WARN_NON_LITERAL_NULL_CONVERSION = YES;
				CLANG_WARN_OBJC_IMPLICIT_RETAIN_SELF = YES;
				CLANG_WARN_OBJC_LITERAL_CONVERSION = YES;
				CLANG_WARN_OBJC_ROOT_CLASS = YES_ERROR;
				CLANG_WARN_RANGE_LOOP_ANALYSIS = YES;
				CLANG_WARN_STRICT_PROTOTYPES = YES;
				CLANG_WARN_SUSPICIOUS_MOVE = YES;
				CLANG_WARN_UNGUARDED_AVAILABILITY = YES_AGGRESSIVE;
				CLANG_WARN_UNREACHABLE_CODE = YES;
				CLANG_WARN__DUPLICATE_METHOD_MATCH = YES;
				COPY_PHASE_STRIP = NO;
				DEBUG_INFORMATION_FORMAT = "dwarf-with-dsym";
				ENABLE_NS_ASSERTIONS = NO;
				ENABLE_STRICT_OBJC_MSGSEND = YES;
				GCC_C_LANGUAGE_STANDARD = gnu11;
				GCC_NO_COMMON_BLOCKS = YES;
				GCC_WARN_64_TO_32_BIT_CONVERSION = YES;
				GCC_WARN_ABOUT_RETURN_TYPE = YES_ERROR;
				GCC_WARN_UNDECLARED_SELECTOR = YES;
				GCC_WARN_UNINITIALIZED_AUTOS = YES_AGGRESSIVE;
				GCC_WARN_UNUSED_FUNCTION = YES;
				GCC_WARN_UNUSED_VARIABLE = YES;
				IPHONEOS_DEPLOYMENT_TARGET = 13.0;
				MTL_ENABLE_DEBUG_INFO = NO;
				MTL_FAST_MATH = YES;
				SDKROOT = iphoneos;
				SWIFT_COMPILATION_MODE = wholemodule;
				SWIFT_OPTIMIZATION_LEVEL = "-O";
				VALIDATE_PRODUCT = YES;
			};
			name = Release;
		};
		CA3559C02366A5FB00382CCF /* Debug */ = {
			isa = XCBuildConfiguration;
			baseConfigurationReference = C9E1CDE4DCFBBE2D2140CA50 /* Pods-OrderEat-Customer.debug.xcconfig */;
			buildSettings = {
				ASSETCATALOG_COMPILER_APPICON_NAME = AppIcon;
				CODE_SIGN_ENTITLEMENTS = "OrderEat-Customer/OrderEat-Customer.entitlements";
				CODE_SIGN_STYLE = Automatic;
				DEVELOPMENT_TEAM = 7WQ84MA4V4;
				INFOPLIST_FILE = "$(SRCROOT)/OrderEat-Customer/Resources/Info.plist";
				LD_RUNPATH_SEARCH_PATHS = (
					"$(inherited)",
					"@executable_path/Frameworks",
				);
				PRODUCT_BUNDLE_IDENTIFIER = "com.Galih-A.OrderEat-Customer";
				PRODUCT_NAME = "$(TARGET_NAME)";
				SWIFT_VERSION = 5.0;
				TARGETED_DEVICE_FAMILY = "1,2";
			};
			name = Debug;
		};
		CA3559C12366A5FB00382CCF /* Release */ = {
			isa = XCBuildConfiguration;
			baseConfigurationReference = 80BCEE4C6E70AA41141DF0E8 /* Pods-OrderEat-Customer.release.xcconfig */;
			buildSettings = {
				ASSETCATALOG_COMPILER_APPICON_NAME = AppIcon;
				CODE_SIGN_ENTITLEMENTS = "OrderEat-Customer/OrderEat-Customer.entitlements";
				CODE_SIGN_STYLE = Automatic;
				DEVELOPMENT_TEAM = 7WQ84MA4V4;
				INFOPLIST_FILE = "$(SRCROOT)/OrderEat-Customer/Resources/Info.plist";
				LD_RUNPATH_SEARCH_PATHS = (
					"$(inherited)",
					"@executable_path/Frameworks",
				);
				PRODUCT_BUNDLE_IDENTIFIER = "com.Galih-A.OrderEat-Customer";
				PRODUCT_NAME = "$(TARGET_NAME)";
				SWIFT_VERSION = 5.0;
				TARGETED_DEVICE_FAMILY = "1,2";
			};
			name = Release;
		};
		CA3559C32366A5FB00382CCF /* Debug */ = {
			isa = XCBuildConfiguration;
			baseConfigurationReference = C215777DC99BD140213BFF05 /* Pods-OrderEat-CustomerTests.debug.xcconfig */;
			buildSettings = {
				ALWAYS_EMBED_SWIFT_STANDARD_LIBRARIES = YES;
				BUNDLE_LOADER = "$(TEST_HOST)";
				CODE_SIGN_STYLE = Automatic;
				DEVELOPMENT_TEAM = SJAF5B347D;
				INFOPLIST_FILE = "OrderEat-CustomerTests/Info.plist";
				IPHONEOS_DEPLOYMENT_TARGET = 13.0;
				LD_RUNPATH_SEARCH_PATHS = (
					"$(inherited)",
					"@executable_path/Frameworks",
					"@loader_path/Frameworks",
				);
				PRODUCT_BUNDLE_IDENTIFIER = "com.Galih-A.OrderEat-CustomerTests";
				PRODUCT_NAME = "$(TARGET_NAME)";
				SWIFT_VERSION = 5.0;
				TARGETED_DEVICE_FAMILY = "1,2";
				TEST_HOST = "$(BUILT_PRODUCTS_DIR)/OrderEat-Customer.app/OrderEat-Customer";
			};
			name = Debug;
		};
		CA3559C42366A5FB00382CCF /* Release */ = {
			isa = XCBuildConfiguration;
			baseConfigurationReference = 161E78106E0741F75E5C3C6A /* Pods-OrderEat-CustomerTests.release.xcconfig */;
			buildSettings = {
				ALWAYS_EMBED_SWIFT_STANDARD_LIBRARIES = YES;
				BUNDLE_LOADER = "$(TEST_HOST)";
				CODE_SIGN_STYLE = Automatic;
				DEVELOPMENT_TEAM = SJAF5B347D;
				INFOPLIST_FILE = "OrderEat-CustomerTests/Info.plist";
				IPHONEOS_DEPLOYMENT_TARGET = 13.0;
				LD_RUNPATH_SEARCH_PATHS = (
					"$(inherited)",
					"@executable_path/Frameworks",
					"@loader_path/Frameworks",
				);
				PRODUCT_BUNDLE_IDENTIFIER = "com.Galih-A.OrderEat-CustomerTests";
				PRODUCT_NAME = "$(TARGET_NAME)";
				SWIFT_VERSION = 5.0;
				TARGETED_DEVICE_FAMILY = "1,2";
				TEST_HOST = "$(BUILT_PRODUCTS_DIR)/OrderEat-Customer.app/OrderEat-Customer";
			};
			name = Release;
		};
		CA3559C62366A5FB00382CCF /* Debug */ = {
			isa = XCBuildConfiguration;
			baseConfigurationReference = 086A7886E760FB70E2FAB993 /* Pods-OrderEat-Customer-OrderEat-CustomerUITests.debug.xcconfig */;
			buildSettings = {
				ALWAYS_EMBED_SWIFT_STANDARD_LIBRARIES = YES;
				CODE_SIGN_STYLE = Automatic;
				DEVELOPMENT_TEAM = SJAF5B347D;
				INFOPLIST_FILE = "OrderEat-CustomerUITests/Info.plist";
				LD_RUNPATH_SEARCH_PATHS = (
					"$(inherited)",
					"@executable_path/Frameworks",
					"@loader_path/Frameworks",
				);
				PRODUCT_BUNDLE_IDENTIFIER = "com.Galih-A.OrderEat-CustomerUITests";
				PRODUCT_NAME = "$(TARGET_NAME)";
				SWIFT_VERSION = 5.0;
				TARGETED_DEVICE_FAMILY = "1,2";
				TEST_TARGET_NAME = "OrderEat-Customer";
			};
			name = Debug;
		};
		CA3559C72366A5FB00382CCF /* Release */ = {
			isa = XCBuildConfiguration;
			baseConfigurationReference = 9E9A7F0D3BB1EB3E3622BFB6 /* Pods-OrderEat-Customer-OrderEat-CustomerUITests.release.xcconfig */;
			buildSettings = {
				ALWAYS_EMBED_SWIFT_STANDARD_LIBRARIES = YES;
				CODE_SIGN_STYLE = Automatic;
				DEVELOPMENT_TEAM = SJAF5B347D;
				INFOPLIST_FILE = "OrderEat-CustomerUITests/Info.plist";
				LD_RUNPATH_SEARCH_PATHS = (
					"$(inherited)",
					"@executable_path/Frameworks",
					"@loader_path/Frameworks",
				);
				PRODUCT_BUNDLE_IDENTIFIER = "com.Galih-A.OrderEat-CustomerUITests";
				PRODUCT_NAME = "$(TARGET_NAME)";
				SWIFT_VERSION = 5.0;
				TARGETED_DEVICE_FAMILY = "1,2";
				TEST_TARGET_NAME = "OrderEat-Customer";
			};
			name = Release;
		};
/* End XCBuildConfiguration section */

/* Begin XCConfigurationList section */
		CA35598D2366A5FB00382CCF /* Build configuration list for PBXProject "OrderEat-Customer" */ = {
			isa = XCConfigurationList;
			buildConfigurations = (
				CA3559BD2366A5FB00382CCF /* Debug */,
				CA3559BE2366A5FB00382CCF /* Release */,
			);
			defaultConfigurationIsVisible = 0;
			defaultConfigurationName = Release;
		};
		CA3559BF2366A5FB00382CCF /* Build configuration list for PBXNativeTarget "OrderEat-Customer" */ = {
			isa = XCConfigurationList;
			buildConfigurations = (
				CA3559C02366A5FB00382CCF /* Debug */,
				CA3559C12366A5FB00382CCF /* Release */,
			);
			defaultConfigurationIsVisible = 0;
			defaultConfigurationName = Release;
		};
		CA3559C22366A5FB00382CCF /* Build configuration list for PBXNativeTarget "OrderEat-CustomerTests" */ = {
			isa = XCConfigurationList;
			buildConfigurations = (
				CA3559C32366A5FB00382CCF /* Debug */,
				CA3559C42366A5FB00382CCF /* Release */,
			);
			defaultConfigurationIsVisible = 0;
			defaultConfigurationName = Release;
		};
		CA3559C52366A5FB00382CCF /* Build configuration list for PBXNativeTarget "OrderEat-CustomerUITests" */ = {
			isa = XCConfigurationList;
			buildConfigurations = (
				CA3559C62366A5FB00382CCF /* Debug */,
				CA3559C72366A5FB00382CCF /* Release */,
			);
			defaultConfigurationIsVisible = 0;
			defaultConfigurationName = Release;
		};
/* End XCConfigurationList section */

/* Begin XCVersionGroup section */
		CA35599E2366A5FB00382CCF /* OrderEat_Customer.xcdatamodeld */ = {
			isa = XCVersionGroup;
			children = (
				CA35599F2366A5FB00382CCF /* OrderEat_Customer.xcdatamodel */,
			);
			currentVersion = CA35599F2366A5FB00382CCF /* OrderEat_Customer.xcdatamodel */;
			path = OrderEat_Customer.xcdatamodeld;
			sourceTree = "<group>";
			versionGroupType = wrapper.xcdatamodel;
		};
/* End XCVersionGroup section */
	};
	rootObject = CA35598A2366A5FB00382CCF /* Project object */;
}
